// !$*UTF8*$!
{
	archiveVersion = 1;
	classes = {
	};
	objectVersion = 46;
	objects = {

/* Begin PBXBuildFile section */
		0106FEB418570B5300F21CC0 /* ProductMenuViewController.m in Sources */ = {isa = PBXBuildFile; fileRef = 0106FEB318570B5300F21CC0 /* ProductMenuViewController.m */; };
		011718491859571E000D821B /* Default.png in Resources */ = {isa = PBXBuildFile; fileRef = 011718471859571E000D821B /* Default.png */; };
		0117184A1859571E000D821B /* Default~ipad.png in Resources */ = {isa = PBXBuildFile; fileRef = 011718481859571E000D821B /* Default~ipad.png */; };
		011FE52318555B07000FEC42 /* ColorModel.m in Sources */ = {isa = PBXBuildFile; fileRef = 011FE52218555B07000FEC42 /* ColorModel.m */; };
		015DDD961851BB4700D9D78F /* FMDatabase.m in Sources */ = {isa = PBXBuildFile; fileRef = 015DDD8D1851BB4700D9D78F /* FMDatabase.m */; };
		015DDD971851BB4700D9D78F /* FMDatabaseAdditions.m in Sources */ = {isa = PBXBuildFile; fileRef = 015DDD8F1851BB4700D9D78F /* FMDatabaseAdditions.m */; };
		015DDD981851BB4700D9D78F /* FMDatabasePool.m in Sources */ = {isa = PBXBuildFile; fileRef = 015DDD911851BB4700D9D78F /* FMDatabasePool.m */; };
		015DDD991851BB4700D9D78F /* FMDatabaseQueue.m in Sources */ = {isa = PBXBuildFile; fileRef = 015DDD931851BB4700D9D78F /* FMDatabaseQueue.m */; };
		015DDD9A1851BB4700D9D78F /* FMResultSet.m in Sources */ = {isa = PBXBuildFile; fileRef = 015DDD951851BB4700D9D78F /* FMResultSet.m */; };
		015DDDA51851CA6500D9D78F /* ProductModel.m in Sources */ = {isa = PBXBuildFile; fileRef = 015DDDA41851CA6500D9D78F /* ProductModel.m */; };
		015DDDA81851CA7F00D9D78F /* RVWDrawData.m in Sources */ = {isa = PBXBuildFile; fileRef = 015DDDA71851CA7F00D9D78F /* RVWDrawData.m */; };
		017280AA1850A69400347CC4 /* icon.png in Resources */ = {isa = PBXBuildFile; fileRef = 017280A91850A69400347CC4 /* icon.png */; };
		017280AF1850A70A00347CC4 /* icon@2x.png in Resources */ = {isa = PBXBuildFile; fileRef = 017280AE1850A70A00347CC4 /* icon@2x.png */; };
		017280B21850ADBA00347CC4 /* first.png in Resources */ = {isa = PBXBuildFile; fileRef = 017280B01850ADBA00347CC4 /* first.png */; };
		017280B31850ADBA00347CC4 /* first@2x.png in Resources */ = {isa = PBXBuildFile; fileRef = 017280B11850ADBA00347CC4 /* first@2x.png */; };
		01751EA21859686E0091BD66 /* ProductMenuView.m in Sources */ = {isa = PBXBuildFile; fileRef = 01751EA11859686E0091BD66 /* ProductMenuView.m */; };
		C705D4F117F587770034A986 /* ProductDataTableView.m in Sources */ = {isa = PBXBuildFile; fileRef = C705D4F017F587770034A986 /* ProductDataTableView.m */; };
		C75962911796EA4F008C48D3 /* UIKit.framework in Frameworks */ = {isa = PBXBuildFile; fileRef = C75962901796EA4F008C48D3 /* UIKit.framework */; };
		C75962931796EA4F008C48D3 /* Foundation.framework in Frameworks */ = {isa = PBXBuildFile; fileRef = C75962921796EA4F008C48D3 /* Foundation.framework */; };
		C75962951796EA4F008C48D3 /* CoreGraphics.framework in Frameworks */ = {isa = PBXBuildFile; fileRef = C75962941796EA4F008C48D3 /* CoreGraphics.framework */; };
		C798D02017A034A900326F1C /* LoginView.m in Sources */ = {isa = PBXBuildFile; fileRef = C798D01F17A034A900326F1C /* LoginView.m */; };
		C798D02317A034B400326F1C /* LoginViewController.m in Sources */ = {isa = PBXBuildFile; fileRef = C798D02217A034B400326F1C /* LoginViewController.m */; };
		C798D02617A034DD00326F1C /* ApplicationController.m in Sources */ = {isa = PBXBuildFile; fileRef = C798D02517A034DD00326F1C /* ApplicationController.m */; };
		C798D02817A034ED00326F1C /* main.m in Sources */ = {isa = PBXBuildFile; fileRef = C798D02717A034ED00326F1C /* main.m */; };
		C798D02B17A0350800326F1C /* UserVo.m in Sources */ = {isa = PBXBuildFile; fileRef = C798D02A17A0350800326F1C /* UserVo.m */; };
		C798D02E17A0352900326F1C /* AppDelegate.m in Sources */ = {isa = PBXBuildFile; fileRef = C798D02D17A0352900326F1C /* AppDelegate.m */; };
		C798D03117A0353300326F1C /* MainViewController.m in Sources */ = {isa = PBXBuildFile; fileRef = C798D03017A0353300326F1C /* MainViewController.m */; };
		C798D03417A0354100326F1C /* MainView.m in Sources */ = {isa = PBXBuildFile; fileRef = C798D03317A0354100326F1C /* MainView.m */; };
		C798D04E17A0355000326F1C /* btn_buttom_highlighted.png in Resources */ = {isa = PBXBuildFile; fileRef = C798D03517A0355000326F1C /* btn_buttom_highlighted.png */; };
		C798D04F17A0355000326F1C /* btn_buttom_normal.png in Resources */ = {isa = PBXBuildFile; fileRef = C798D03617A0355000326F1C /* btn_buttom_normal.png */; };
		C798D05017A0355000326F1C /* btn_middle_highlighted.png in Resources */ = {isa = PBXBuildFile; fileRef = C798D03717A0355000326F1C /* btn_middle_highlighted.png */; };
		C798D05117A0355000326F1C /* btn_middle_normal.png in Resources */ = {isa = PBXBuildFile; fileRef = C798D03817A0355000326F1C /* btn_middle_normal.png */; };
		C798D05217A0355000326F1C /* btn_top_highlighted.png in Resources */ = {isa = PBXBuildFile; fileRef = C798D03917A0355000326F1C /* btn_top_highlighted.png */; };
		C798D05317A0355000326F1C /* btn_top_normal.png in Resources */ = {isa = PBXBuildFile; fileRef = C798D03A17A0355000326F1C /* btn_top_normal.png */; };
		C798D05417A0355000326F1C /* cellselectbtn_highlighted.png in Resources */ = {isa = PBXBuildFile; fileRef = C798D03B17A0355000326F1C /* cellselectbtn_highlighted.png */; };
		C798D05517A0355000326F1C /* cellselectbtn_normal.png in Resources */ = {isa = PBXBuildFile; fileRef = C798D03C17A0355000326F1C /* cellselectbtn_normal.png */; };
		C798D05617A0355000326F1C /* friendlist_cellbtn_highlighted.png in Resources */ = {isa = PBXBuildFile; fileRef = C798D03D17A0355000326F1C /* friendlist_cellbtn_highlighted.png */; };
		C798D05717A0355000326F1C /* friendlist_cellbtn_normal.png in Resources */ = {isa = PBXBuildFile; fileRef = C798D03E17A0355000326F1C /* friendlist_cellbtn_normal.png */; };
		C798D05817A0355000326F1C /* login_highlight.png in Resources */ = {isa = PBXBuildFile; fileRef = C798D03F17A0355000326F1C /* login_highlight.png */; };
		C798D05917A0355000326F1C /* login_highlight@2x.png in Resources */ = {isa = PBXBuildFile; fileRef = C798D04017A0355000326F1C /* login_highlight@2x.png */; };
		C798D05A17A0355000326F1C /* login_normal.png in Resources */ = {isa = PBXBuildFile; fileRef = C798D04117A0355000326F1C /* login_normal.png */; };
		C798D05B17A0355000326F1C /* login_normal@2x.png in Resources */ = {isa = PBXBuildFile; fileRef = C798D04217A0355000326F1C /* login_normal@2x.png */; };
		C798D05C17A0355000326F1C /* login_tourist_highlight.png in Resources */ = {isa = PBXBuildFile; fileRef = C798D04317A0355000326F1C /* login_tourist_highlight.png */; };
		C798D05D17A0355000326F1C /* login_tourist_normal.png in Resources */ = {isa = PBXBuildFile; fileRef = C798D04417A0355000326F1C /* login_tourist_normal.png */; };
		C798D05E17A0355000326F1C /* rowBtn_highlighted.png in Resources */ = {isa = PBXBuildFile; fileRef = C798D04517A0355000326F1C /* rowBtn_highlighted.png */; };
		C798D05F17A0355000326F1C /* rowBtn.png in Resources */ = {isa = PBXBuildFile; fileRef = C798D04617A0355000326F1C /* rowBtn.png */; };
		C798D06017A0355000326F1C /* textfield_buttom.png in Resources */ = {isa = PBXBuildFile; fileRef = C798D04717A0355000326F1C /* textfield_buttom.png */; };
		C798D06117A0355000326F1C /* textfield_middle.png in Resources */ = {isa = PBXBuildFile; fileRef = C798D04817A0355000326F1C /* textfield_middle.png */; };
		C798D06217A0355000326F1C /* textfield_top.png in Resources */ = {isa = PBXBuildFile; fileRef = C798D04917A0355000326F1C /* textfield_top.png */; };
		C798D06317A0355000326F1C /* textinput.png in Resources */ = {isa = PBXBuildFile; fileRef = C798D04A17A0355000326F1C /* textinput.png */; };
		C798D06417A0355000326F1C /* touxiang@2x.png in Resources */ = {isa = PBXBuildFile; fileRef = C798D04B17A0355000326F1C /* touxiang@2x.png */; };
		C798D06517A0355000326F1C /* touxiang2@2x.png in Resources */ = {isa = PBXBuildFile; fileRef = C798D04C17A0355000326F1C /* touxiang2@2x.png */; };
		C7C33A3217F2BCA8001A1C50 /* HistoryView.m in Sources */ = {isa = PBXBuildFile; fileRef = C7C33A3117F2BCA8001A1C50 /* HistoryView.m */; };
		C7C33A3517F2D52A001A1C50 /* ProductView.m in Sources */ = {isa = PBXBuildFile; fileRef = C7C33A3417F2D52A001A1C50 /* ProductView.m */; };
		C7C33A3817F2DD07001A1C50 /* ControlView.m in Sources */ = {isa = PBXBuildFile; fileRef = C7C33A3617F2DD07001A1C50 /* ControlView.m */; };
		C7E4F0EB17F5776800B63B02 /* SystemView.m in Sources */ = {isa = PBXBuildFile; fileRef = C7E4F0EA17F5776800B63B02 /* SystemView.m */; };
		C7E4F0EF17F5795400B63B02 /* UserModel.m in Sources */ = {isa = PBXBuildFile; fileRef = C7E4F0EE17F5795400B63B02 /* UserModel.m */; };
		C7E4F10C17F57A4C00B63B02 /* GCDAsyncSocket.m in Sources */ = {isa = PBXBuildFile; fileRef = C7E4F0F417F57A4C00B63B02 /* GCDAsyncSocket.m */; };
		C7E4F10D17F57A4C00B63B02 /* GCDAsyncUdpSocket.m in Sources */ = {isa = PBXBuildFile; fileRef = C7E4F0F617F57A4C00B63B02 /* GCDAsyncUdpSocket.m */; };
		C7E4F10E17F57A4C00B63B02 /* ASIAuthenticationDialog.m in Sources */ = {isa = PBXBuildFile; fileRef = C7E4F0F917F57A4C00B63B02 /* ASIAuthenticationDialog.m */; settings = {COMPILER_FLAGS = "-fno-objc-arc"; }; };
		C7E4F10F17F57A4C00B63B02 /* ASIDataCompressor.m in Sources */ = {isa = PBXBuildFile; fileRef = C7E4F0FC17F57A4C00B63B02 /* ASIDataCompressor.m */; settings = {COMPILER_FLAGS = "-fno-objc-arc"; }; };
		C7E4F11017F57A4C00B63B02 /* ASIDataDecompressor.m in Sources */ = {isa = PBXBuildFile; fileRef = C7E4F0FE17F57A4C00B63B02 /* ASIDataDecompressor.m */; settings = {COMPILER_FLAGS = "-fno-objc-arc"; }; };
		C7E4F11117F57A4C00B63B02 /* ASIDownloadCache.m in Sources */ = {isa = PBXBuildFile; fileRef = C7E4F10017F57A4C00B63B02 /* ASIDownloadCache.m */; settings = {COMPILER_FLAGS = "-fno-objc-arc"; }; };
		C7E4F11217F57A4C00B63B02 /* ASIFormDataRequest.m in Sources */ = {isa = PBXBuildFile; fileRef = C7E4F10217F57A4C00B63B02 /* ASIFormDataRequest.m */; settings = {COMPILER_FLAGS = "-fno-objc-arc"; }; };
		C7E4F11317F57A4C00B63B02 /* ASIHTTPRequest.m in Sources */ = {isa = PBXBuildFile; fileRef = C7E4F10417F57A4C00B63B02 /* ASIHTTPRequest.m */; settings = {COMPILER_FLAGS = "-fno-objc-arc"; }; };
		C7E4F11417F57A4C00B63B02 /* ASIInputStream.m in Sources */ = {isa = PBXBuildFile; fileRef = C7E4F10817F57A4C00B63B02 /* ASIInputStream.m */; settings = {COMPILER_FLAGS = "-fno-objc-arc"; }; };
		C7E4F11517F57A4C00B63B02 /* ASINetworkQueue.m in Sources */ = {isa = PBXBuildFile; fileRef = C7E4F10A17F57A4C00B63B02 /* ASINetworkQueue.m */; settings = {COMPILER_FLAGS = "-fno-objc-arc"; }; };
		C7E4F11917F57B6C00B63B02 /* Reachability.m in Sources */ = {isa = PBXBuildFile; fileRef = C7E4F11817F57B6C00B63B02 /* Reachability.m */; settings = {COMPILER_FLAGS = "-fno-objc-arc"; }; };
		C7E4F11D17F57D8C00B63B02 /* CoreFoundation.framework in Frameworks */ = {isa = PBXBuildFile; fileRef = C7E4F11C17F57D8C00B63B02 /* CoreFoundation.framework */; };
		C7E4F11F17F57DA700B63B02 /* CFNetwork.framework in Frameworks */ = {isa = PBXBuildFile; fileRef = C7E4F11E17F57DA700B63B02 /* CFNetwork.framework */; };
		C7E4F12117F57DB800B63B02 /* Security.framework in Frameworks */ = {isa = PBXBuildFile; fileRef = C7E4F12017F57DB800B63B02 /* Security.framework */; };
		C7E4F12317F57DCF00B63B02 /* SystemConfiguration.framework in Frameworks */ = {isa = PBXBuildFile; fileRef = C7E4F12217F57DCF00B63B02 /* SystemConfiguration.framework */; };
		C7E4F12517F57E7300B63B02 /* libz.dylib in Frameworks */ = {isa = PBXBuildFile; fileRef = C7E4F12417F57E7300B63B02 /* libz.dylib */; };
		C7E4F12717F57E8F00B63B02 /* libsqlite3.0.dylib in Frameworks */ = {isa = PBXBuildFile; fileRef = C7E4F12617F57E8F00B63B02 /* libsqlite3.0.dylib */; };
		C7E4F12917F57E9E00B63B02 /* MobileCoreServices.framework in Frameworks */ = {isa = PBXBuildFile; fileRef = C7E4F12817F57E9E00B63B02 /* MobileCoreServices.framework */; };
		C7FBDD6C17F27E7400FE5E62 /* ProductViewController.m in Sources */ = {isa = PBXBuildFile; fileRef = C7FBDD6B17F27E7400FE5E62 /* ProductViewController.m */; };
		C7FBDD6F17F27EDE00FE5E62 /* HistoryViewController.m in Sources */ = {isa = PBXBuildFile; fileRef = C7FBDD6E17F27EDE00FE5E62 /* HistoryViewController.m */; };
		C7FBDD7417F27F4000FE5E62 /* ControlViewController.m in Sources */ = {isa = PBXBuildFile; fileRef = C7FBDD7317F27F4000FE5E62 /* ControlViewController.m */; };
		C7FBDD7717F27F6300FE5E62 /* SystemViewController.m in Sources */ = {isa = PBXBuildFile; fileRef = C7FBDD7617F27F6300FE5E62 /* SystemViewController.m */; };
		C7FBDD7A17F2811F00FE5E62 /* ProductSmallView.m in Sources */ = {isa = PBXBuildFile; fileRef = C7FBDD7917F2811F00FE5E62 /* ProductSmallView.m */; };
/* End PBXBuildFile section */

/* Begin PBXFileReference section */
		0106FEB218570B5300F21CC0 /* ProductMenuViewController.h */ = {isa = PBXFileReference; fileEncoding = 4; lastKnownFileType = sourcecode.c.h; name = ProductMenuViewController.h; path = Classes/controller/index/ProductMenuViewController.h; sourceTree = SOURCE_ROOT; };
		0106FEB318570B5300F21CC0 /* ProductMenuViewController.m */ = {isa = PBXFileReference; fileEncoding = 4; lastKnownFileType = sourcecode.c.objc; name = ProductMenuViewController.m; path = Classes/controller/index/ProductMenuViewController.m; sourceTree = SOURCE_ROOT; };
		011718471859571E000D821B /* Default.png */ = {isa = PBXFileReference; lastKnownFileType = image.png; name = Default.png; path = Image/Default.png; sourceTree = SOURCE_ROOT; };
		011718481859571E000D821B /* Default~ipad.png */ = {isa = PBXFileReference; lastKnownFileType = image.png; name = "Default~ipad.png"; path = "Image/Default~ipad.png"; sourceTree = SOURCE_ROOT; };
		011FE52118555B07000FEC42 /* ColorModel.h */ = {isa = PBXFileReference; fileEncoding = 4; lastKnownFileType = sourcecode.c.h; name = ColorModel.h; path = Classes/model/product/common/color/ColorModel.h; sourceTree = SOURCE_ROOT; };
		011FE52218555B07000FEC42 /* ColorModel.m */ = {isa = PBXFileReference; fileEncoding = 4; lastKnownFileType = sourcecode.c.objc; name = ColorModel.m; path = Classes/model/product/common/color/ColorModel.m; sourceTree = SOURCE_ROOT; };
		011FE5241855C184000FEC42 /* ProductDrawDataProtocol.h */ = {isa = PBXFileReference; lastKnownFileType = sourcecode.c.h; name = ProductDrawDataProtocol.h; path = Classes/model/product/common/ProductDrawDataProtocol.h; sourceTree = SOURCE_ROOT; };
		015DDD8C1851BB4700D9D78F /* FMDatabase.h */ = {isa = PBXFileReference; fileEncoding = 4; lastKnownFileType = sourcecode.c.h; name = FMDatabase.h; path = Classes/util/external/FMDB/FMDatabase.h; sourceTree = SOURCE_ROOT; };
		015DDD8D1851BB4700D9D78F /* FMDatabase.m */ = {isa = PBXFileReference; fileEncoding = 4; lastKnownFileType = sourcecode.c.objc; name = FMDatabase.m; path = Classes/util/external/FMDB/FMDatabase.m; sourceTree = SOURCE_ROOT; };
		015DDD8E1851BB4700D9D78F /* FMDatabaseAdditions.h */ = {isa = PBXFileReference; fileEncoding = 4; lastKnownFileType = sourcecode.c.h; name = FMDatabaseAdditions.h; path = Classes/util/external/FMDB/FMDatabaseAdditions.h; sourceTree = SOURCE_ROOT; };
		015DDD8F1851BB4700D9D78F /* FMDatabaseAdditions.m */ = {isa = PBXFileReference; fileEncoding = 4; lastKnownFileType = sourcecode.c.objc; name = FMDatabaseAdditions.m; path = Classes/util/external/FMDB/FMDatabaseAdditions.m; sourceTree = SOURCE_ROOT; };
		015DDD901851BB4700D9D78F /* FMDatabasePool.h */ = {isa = PBXFileReference; fileEncoding = 4; lastKnownFileType = sourcecode.c.h; name = FMDatabasePool.h; path = Classes/util/external/FMDB/FMDatabasePool.h; sourceTree = SOURCE_ROOT; };
		015DDD911851BB4700D9D78F /* FMDatabasePool.m */ = {isa = PBXFileReference; fileEncoding = 4; lastKnownFileType = sourcecode.c.objc; name = FMDatabasePool.m; path = Classes/util/external/FMDB/FMDatabasePool.m; sourceTree = SOURCE_ROOT; };
		015DDD921851BB4700D9D78F /* FMDatabaseQueue.h */ = {isa = PBXFileReference; fileEncoding = 4; lastKnownFileType = sourcecode.c.h; name = FMDatabaseQueue.h; path = Classes/util/external/FMDB/FMDatabaseQueue.h; sourceTree = SOURCE_ROOT; };
		015DDD931851BB4700D9D78F /* FMDatabaseQueue.m */ = {isa = PBXFileReference; fileEncoding = 4; lastKnownFileType = sourcecode.c.objc; name = FMDatabaseQueue.m; path = Classes/util/external/FMDB/FMDatabaseQueue.m; sourceTree = SOURCE_ROOT; };
		015DDD941851BB4700D9D78F /* FMResultSet.h */ = {isa = PBXFileReference; fileEncoding = 4; lastKnownFileType = sourcecode.c.h; name = FMResultSet.h; path = Classes/util/external/FMDB/FMResultSet.h; sourceTree = SOURCE_ROOT; };
		015DDD951851BB4700D9D78F /* FMResultSet.m */ = {isa = PBXFileReference; fileEncoding = 4; lastKnownFileType = sourcecode.c.objc; name = FMResultSet.m; path = Classes/util/external/FMDB/FMResultSet.m; sourceTree = SOURCE_ROOT; };
		015DDDA11851C55E00D9D78F /* ProductDefine.h */ = {isa = PBXFileReference; fileEncoding = 4; lastKnownFileType = sourcecode.c.h; name = ProductDefine.h; path = Classes/model/product/common/ProductDefine.h; sourceTree = SOURCE_ROOT; };
		015DDDA31851CA6500D9D78F /* ProductModel.h */ = {isa = PBXFileReference; fileEncoding = 4; lastKnownFileType = sourcecode.c.h; name = ProductModel.h; path = Classes/model/product/common/ProductModel.h; sourceTree = SOURCE_ROOT; };
		015DDDA41851CA6500D9D78F /* ProductModel.m */ = {isa = PBXFileReference; fileEncoding = 4; lastKnownFileType = sourcecode.c.objc; name = ProductModel.m; path = Classes/model/product/common/ProductModel.m; sourceTree = SOURCE_ROOT; };
		015DDDA61851CA7F00D9D78F /* RVWDrawData.h */ = {isa = PBXFileReference; fileEncoding = 4; lastKnownFileType = sourcecode.c.h; name = RVWDrawData.h; path = Classes/model/product/products/rvw/RVWDrawData.h; sourceTree = SOURCE_ROOT; };
		015DDDA71851CA7F00D9D78F /* RVWDrawData.m */ = {isa = PBXFileReference; fileEncoding = 4; lastKnownFileType = sourcecode.c.objc; name = RVWDrawData.m; path = Classes/model/product/products/rvw/RVWDrawData.m; sourceTree = SOURCE_ROOT; };
		015DDDA91851CA9F00D9D78F /* RVWDefine.h */ = {isa = PBXFileReference; lastKnownFileType = sourcecode.c.h; name = RVWDefine.h; path = Classes/model/product/products/rvw/RVWDefine.h; sourceTree = SOURCE_ROOT; };
		017280A91850A69400347CC4 /* icon.png */ = {isa = PBXFileReference; lastKnownFileType = image.png; name = icon.png; path = Image/icon.png; sourceTree = SOURCE_ROOT; };
		017280AE1850A70A00347CC4 /* icon@2x.png */ = {isa = PBXFileReference; lastKnownFileType = image.png; name = "icon@2x.png"; path = "Image/icon@2x.png"; sourceTree = SOURCE_ROOT; };
		017280B01850ADBA00347CC4 /* first.png */ = {isa = PBXFileReference; lastKnownFileType = image.png; name = first.png; path = Image/first.png; sourceTree = SOURCE_ROOT; };
		017280B11850ADBA00347CC4 /* first@2x.png */ = {isa = PBXFileReference; lastKnownFileType = image.png; name = "first@2x.png"; path = "Image/first@2x.png"; sourceTree = SOURCE_ROOT; };
		01751EA01859686E0091BD66 /* ProductMenuView.h */ = {isa = PBXFileReference; fileEncoding = 4; lastKnownFileType = sourcecode.c.h; name = ProductMenuView.h; path = Classes/view/mainview/ProductMenuView.h; sourceTree = SOURCE_ROOT; };
		01751EA11859686E0091BD66 /* ProductMenuView.m */ = {isa = PBXFileReference; fileEncoding = 4; lastKnownFileType = sourcecode.c.objc; name = ProductMenuView.m; path = Classes/view/mainview/ProductMenuView.m; sourceTree = SOURCE_ROOT; };
		C705D4EF17F587770034A986 /* ProductDataTableView.h */ = {isa = PBXFileReference; fileEncoding = 4; lastKnownFileType = sourcecode.c.h; name = ProductDataTableView.h; path = Classes/view/product/ProductDataTableView.h; sourceTree = SOURCE_ROOT; };
		C705D4F017F587770034A986 /* ProductDataTableView.m */ = {isa = PBXFileReference; fileEncoding = 4; lastKnownFileType = sourcecode.c.objc; name = ProductDataTableView.m; path = Classes/view/product/ProductDataTableView.m; sourceTree = SOURCE_ROOT; };
		C759628D1796EA4F008C48D3 /* RadarIPad.app */ = {isa = PBXFileReference; explicitFileType = wrapper.application; includeInIndex = 0; path = RadarIPad.app; sourceTree = BUILT_PRODUCTS_DIR; };
		C75962901796EA4F008C48D3 /* UIKit.framework */ = {isa = PBXFileReference; lastKnownFileType = wrapper.framework; name = UIKit.framework; path = System/Library/Frameworks/UIKit.framework; sourceTree = SDKROOT; };
		C75962921796EA4F008C48D3 /* Foundation.framework */ = {isa = PBXFileReference; lastKnownFileType = wrapper.framework; name = Foundation.framework; path = System/Library/Frameworks/Foundation.framework; sourceTree = SDKROOT; };
		C75962941796EA4F008C48D3 /* CoreGraphics.framework */ = {isa = PBXFileReference; lastKnownFileType = wrapper.framework; name = CoreGraphics.framework; path = System/Library/Frameworks/CoreGraphics.framework; sourceTree = SDKROOT; };
		C75962AE1796EA4F008C48D3 /* SenTestingKit.framework */ = {isa = PBXFileReference; lastKnownFileType = wrapper.framework; name = SenTestingKit.framework; path = Library/Frameworks/SenTestingKit.framework; sourceTree = DEVELOPER_DIR; };
		C798D01A17A02E9700326F1C /* RadarIPad-Info.plist */ = {isa = PBXFileReference; fileEncoding = 4; lastKnownFileType = text.plist.xml; path = "RadarIPad-Info.plist"; sourceTree = SOURCE_ROOT; };
		C798D01E17A034A900326F1C /* LoginView.h */ = {isa = PBXFileReference; fileEncoding = 4; lastKnownFileType = sourcecode.c.h; name = LoginView.h; path = Classes/view/login/LoginView.h; sourceTree = SOURCE_ROOT; };
		C798D01F17A034A900326F1C /* LoginView.m */ = {isa = PBXFileReference; fileEncoding = 4; lastKnownFileType = sourcecode.c.objc; name = LoginView.m; path = Classes/view/login/LoginView.m; sourceTree = SOURCE_ROOT; };
		C798D02117A034B400326F1C /* LoginViewController.h */ = {isa = PBXFileReference; fileEncoding = 4; lastKnownFileType = sourcecode.c.h; name = LoginViewController.h; path = Classes/controller/login/LoginViewController.h; sourceTree = SOURCE_ROOT; };
		C798D02217A034B400326F1C /* LoginViewController.m */ = {isa = PBXFileReference; fileEncoding = 4; lastKnownFileType = sourcecode.c.objc; name = LoginViewController.m; path = Classes/controller/login/LoginViewController.m; sourceTree = SOURCE_ROOT; };
		C798D02417A034DD00326F1C /* ApplicationController.h */ = {isa = PBXFileReference; fileEncoding = 4; lastKnownFileType = sourcecode.c.h; name = ApplicationController.h; path = Classes/controller/application/ApplicationController.h; sourceTree = SOURCE_ROOT; };
		C798D02517A034DD00326F1C /* ApplicationController.m */ = {isa = PBXFileReference; fileEncoding = 4; lastKnownFileType = sourcecode.c.objc; name = ApplicationController.m; path = Classes/controller/application/ApplicationController.m; sourceTree = SOURCE_ROOT; };
		C798D02717A034ED00326F1C /* main.m */ = {isa = PBXFileReference; fileEncoding = 4; lastKnownFileType = sourcecode.c.objc; path = main.m; sourceTree = SOURCE_ROOT; };
		C798D02917A0350800326F1C /* UserVo.h */ = {isa = PBXFileReference; fileEncoding = 4; lastKnownFileType = sourcecode.c.h; name = UserVo.h; path = Classes/model/vo/user/UserVo.h; sourceTree = SOURCE_ROOT; };
		C798D02A17A0350800326F1C /* UserVo.m */ = {isa = PBXFileReference; fileEncoding = 4; lastKnownFileType = sourcecode.c.objc; name = UserVo.m; path = Classes/model/vo/user/UserVo.m; sourceTree = SOURCE_ROOT; };
		C798D02C17A0352900326F1C /* AppDelegate.h */ = {isa = PBXFileReference; fileEncoding = 4; lastKnownFileType = sourcecode.c.h; name = AppDelegate.h; path = Classes/util/AppDelegate.h; sourceTree = SOURCE_ROOT; };
		C798D02D17A0352900326F1C /* AppDelegate.m */ = {isa = PBXFileReference; fileEncoding = 4; lastKnownFileType = sourcecode.c.objc; name = AppDelegate.m; path = Classes/util/AppDelegate.m; sourceTree = SOURCE_ROOT; };
		C798D02F17A0353300326F1C /* MainViewController.h */ = {isa = PBXFileReference; fileEncoding = 4; lastKnownFileType = sourcecode.c.h; name = MainViewController.h; path = Classes/controller/application/MainViewController.h; sourceTree = SOURCE_ROOT; };
		C798D03017A0353300326F1C /* MainViewController.m */ = {isa = PBXFileReference; fileEncoding = 4; lastKnownFileType = sourcecode.c.objc; name = MainViewController.m; path = Classes/controller/application/MainViewController.m; sourceTree = SOURCE_ROOT; };
		C798D03217A0354100326F1C /* MainView.h */ = {isa = PBXFileReference; fileEncoding = 4; lastKnownFileType = sourcecode.c.h; name = MainView.h; path = Classes/view/mainview/MainView.h; sourceTree = SOURCE_ROOT; };
		C798D03317A0354100326F1C /* MainView.m */ = {isa = PBXFileReference; fileEncoding = 4; lastKnownFileType = sourcecode.c.objc; name = MainView.m; path = Classes/view/mainview/MainView.m; sourceTree = SOURCE_ROOT; };
		C798D03517A0355000326F1C /* btn_buttom_highlighted.png */ = {isa = PBXFileReference; lastKnownFileType = image.png; name = btn_buttom_highlighted.png; path = Image/btn_buttom_highlighted.png; sourceTree = SOURCE_ROOT; };
		C798D03617A0355000326F1C /* btn_buttom_normal.png */ = {isa = PBXFileReference; lastKnownFileType = image.png; name = btn_buttom_normal.png; path = Image/btn_buttom_normal.png; sourceTree = SOURCE_ROOT; };
		C798D03717A0355000326F1C /* btn_middle_highlighted.png */ = {isa = PBXFileReference; lastKnownFileType = image.png; name = btn_middle_highlighted.png; path = Image/btn_middle_highlighted.png; sourceTree = SOURCE_ROOT; };
		C798D03817A0355000326F1C /* btn_middle_normal.png */ = {isa = PBXFileReference; lastKnownFileType = image.png; name = btn_middle_normal.png; path = Image/btn_middle_normal.png; sourceTree = SOURCE_ROOT; };
		C798D03917A0355000326F1C /* btn_top_highlighted.png */ = {isa = PBXFileReference; lastKnownFileType = image.png; name = btn_top_highlighted.png; path = Image/btn_top_highlighted.png; sourceTree = SOURCE_ROOT; };
		C798D03A17A0355000326F1C /* btn_top_normal.png */ = {isa = PBXFileReference; lastKnownFileType = image.png; name = btn_top_normal.png; path = Image/btn_top_normal.png; sourceTree = SOURCE_ROOT; };
		C798D03B17A0355000326F1C /* cellselectbtn_highlighted.png */ = {isa = PBXFileReference; lastKnownFileType = image.png; name = cellselectbtn_highlighted.png; path = Image/cellselectbtn_highlighted.png; sourceTree = SOURCE_ROOT; };
		C798D03C17A0355000326F1C /* cellselectbtn_normal.png */ = {isa = PBXFileReference; lastKnownFileType = image.png; name = cellselectbtn_normal.png; path = Image/cellselectbtn_normal.png; sourceTree = SOURCE_ROOT; };
		C798D03D17A0355000326F1C /* friendlist_cellbtn_highlighted.png */ = {isa = PBXFileReference; lastKnownFileType = image.png; name = friendlist_cellbtn_highlighted.png; path = Image/friendlist_cellbtn_highlighted.png; sourceTree = SOURCE_ROOT; };
		C798D03E17A0355000326F1C /* friendlist_cellbtn_normal.png */ = {isa = PBXFileReference; lastKnownFileType = image.png; name = friendlist_cellbtn_normal.png; path = Image/friendlist_cellbtn_normal.png; sourceTree = SOURCE_ROOT; };
		C798D03F17A0355000326F1C /* login_highlight.png */ = {isa = PBXFileReference; lastKnownFileType = image.png; name = login_highlight.png; path = Image/login_highlight.png; sourceTree = SOURCE_ROOT; };
		C798D04017A0355000326F1C /* login_highlight@2x.png */ = {isa = PBXFileReference; lastKnownFileType = image.png; name = "login_highlight@2x.png"; path = "Image/login_highlight@2x.png"; sourceTree = SOURCE_ROOT; };
		C798D04117A0355000326F1C /* login_normal.png */ = {isa = PBXFileReference; lastKnownFileType = image.png; name = login_normal.png; path = Image/login_normal.png; sourceTree = SOURCE_ROOT; };
		C798D04217A0355000326F1C /* login_normal@2x.png */ = {isa = PBXFileReference; lastKnownFileType = image.png; name = "login_normal@2x.png"; path = "Image/login_normal@2x.png"; sourceTree = SOURCE_ROOT; };
		C798D04317A0355000326F1C /* login_tourist_highlight.png */ = {isa = PBXFileReference; lastKnownFileType = image.png; name = login_tourist_highlight.png; path = Image/login_tourist_highlight.png; sourceTree = SOURCE_ROOT; };
		C798D04417A0355000326F1C /* login_tourist_normal.png */ = {isa = PBXFileReference; lastKnownFileType = image.png; name = login_tourist_normal.png; path = Image/login_tourist_normal.png; sourceTree = SOURCE_ROOT; };
		C798D04517A0355000326F1C /* rowBtn_highlighted.png */ = {isa = PBXFileReference; lastKnownFileType = image.png; name = rowBtn_highlighted.png; path = Image/rowBtn_highlighted.png; sourceTree = SOURCE_ROOT; };
		C798D04617A0355000326F1C /* rowBtn.png */ = {isa = PBXFileReference; lastKnownFileType = image.png; name = rowBtn.png; path = Image/rowBtn.png; sourceTree = SOURCE_ROOT; };
		C798D04717A0355000326F1C /* textfield_buttom.png */ = {isa = PBXFileReference; lastKnownFileType = image.png; name = textfield_buttom.png; path = Image/textfield_buttom.png; sourceTree = SOURCE_ROOT; };
		C798D04817A0355000326F1C /* textfield_middle.png */ = {isa = PBXFileReference; lastKnownFileType = image.png; name = textfield_middle.png; path = Image/textfield_middle.png; sourceTree = SOURCE_ROOT; };
		C798D04917A0355000326F1C /* textfield_top.png */ = {isa = PBXFileReference; lastKnownFileType = image.png; name = textfield_top.png; path = Image/textfield_top.png; sourceTree = SOURCE_ROOT; };
		C798D04A17A0355000326F1C /* textinput.png */ = {isa = PBXFileReference; lastKnownFileType = image.png; name = textinput.png; path = Image/textinput.png; sourceTree = SOURCE_ROOT; };
		C798D04B17A0355000326F1C /* touxiang@2x.png */ = {isa = PBXFileReference; lastKnownFileType = image.png; name = "touxiang@2x.png"; path = "Image/touxiang@2x.png"; sourceTree = SOURCE_ROOT; };
		C798D04C17A0355000326F1C /* touxiang2@2x.png */ = {isa = PBXFileReference; lastKnownFileType = image.png; name = "touxiang2@2x.png"; path = "Image/touxiang2@2x.png"; sourceTree = SOURCE_ROOT; };
		C798D06B17A0357100326F1C /* RadarIPad-Prefix.pch */ = {isa = PBXFileReference; fileEncoding = 4; lastKnownFileType = sourcecode.c.h; path = "RadarIPad-Prefix.pch"; sourceTree = SOURCE_ROOT; };
		C7C33A3017F2BCA8001A1C50 /* HistoryView.h */ = {isa = PBXFileReference; fileEncoding = 4; lastKnownFileType = sourcecode.c.h; name = HistoryView.h; path = Classes/view/history/HistoryView.h; sourceTree = SOURCE_ROOT; };
		C7C33A3117F2BCA8001A1C50 /* HistoryView.m */ = {isa = PBXFileReference; fileEncoding = 4; lastKnownFileType = sourcecode.c.objc; name = HistoryView.m; path = Classes/view/history/HistoryView.m; sourceTree = SOURCE_ROOT; };
		C7C33A3317F2D52A001A1C50 /* ProductView.h */ = {isa = PBXFileReference; fileEncoding = 4; lastKnownFileType = sourcecode.c.h; name = ProductView.h; path = Classes/view/product/ProductView.h; sourceTree = SOURCE_ROOT; };
		C7C33A3417F2D52A001A1C50 /* ProductView.m */ = {isa = PBXFileReference; fileEncoding = 4; lastKnownFileType = sourcecode.c.objc; name = ProductView.m; path = Classes/view/product/ProductView.m; sourceTree = SOURCE_ROOT; };
		C7C33A3617F2DD07001A1C50 /* ControlView.m */ = {isa = PBXFileReference; fileEncoding = 4; lastKnownFileType = sourcecode.c.objc; name = ControlView.m; path = Classes/view/control/ControlView.m; sourceTree = SOURCE_ROOT; };
		C7C33A3717F2DD07001A1C50 /* ControlView.h */ = {isa = PBXFileReference; fileEncoding = 4; lastKnownFileType = sourcecode.c.h; name = ControlView.h; path = Classes/view/control/ControlView.h; sourceTree = SOURCE_ROOT; };
		C7E4F0E917F5776800B63B02 /* SystemView.h */ = {isa = PBXFileReference; fileEncoding = 4; lastKnownFileType = sourcecode.c.h; name = SystemView.h; path = Classes/view/system/SystemView.h; sourceTree = SOURCE_ROOT; };
		C7E4F0EA17F5776800B63B02 /* SystemView.m */ = {isa = PBXFileReference; fileEncoding = 4; lastKnownFileType = sourcecode.c.objc; name = SystemView.m; path = Classes/view/system/SystemView.m; sourceTree = SOURCE_ROOT; };
		C7E4F0ED17F5795400B63B02 /* UserModel.h */ = {isa = PBXFileReference; fileEncoding = 4; lastKnownFileType = sourcecode.c.h; name = UserModel.h; path = Classes/model/user/UserModel.h; sourceTree = SOURCE_ROOT; };
		C7E4F0EE17F5795400B63B02 /* UserModel.m */ = {isa = PBXFileReference; fileEncoding = 4; lastKnownFileType = sourcecode.c.objc; name = UserModel.m; path = Classes/model/user/UserModel.m; sourceTree = SOURCE_ROOT; };
		C7E4F0F317F57A4C00B63B02 /* GCDAsyncSocket.h */ = {isa = PBXFileReference; fileEncoding = 4; lastKnownFileType = sourcecode.c.h; path = GCDAsyncSocket.h; sourceTree = "<group>"; };
		C7E4F0F417F57A4C00B63B02 /* GCDAsyncSocket.m */ = {isa = PBXFileReference; fileEncoding = 4; lastKnownFileType = sourcecode.c.objc; path = GCDAsyncSocket.m; sourceTree = "<group>"; };
		C7E4F0F517F57A4C00B63B02 /* GCDAsyncUdpSocket.h */ = {isa = PBXFileReference; fileEncoding = 4; lastKnownFileType = sourcecode.c.h; path = GCDAsyncUdpSocket.h; sourceTree = "<group>"; };
		C7E4F0F617F57A4C00B63B02 /* GCDAsyncUdpSocket.m */ = {isa = PBXFileReference; fileEncoding = 4; lastKnownFileType = sourcecode.c.objc; path = GCDAsyncUdpSocket.m; sourceTree = "<group>"; };
		C7E4F0F817F57A4C00B63B02 /* ASIAuthenticationDialog.h */ = {isa = PBXFileReference; fileEncoding = 4; lastKnownFileType = sourcecode.c.h; path = ASIAuthenticationDialog.h; sourceTree = "<group>"; };
		C7E4F0F917F57A4C00B63B02 /* ASIAuthenticationDialog.m */ = {isa = PBXFileReference; fileEncoding = 4; lastKnownFileType = sourcecode.c.objc; path = ASIAuthenticationDialog.m; sourceTree = "<group>"; };
		C7E4F0FA17F57A4C00B63B02 /* ASICacheDelegate.h */ = {isa = PBXFileReference; fileEncoding = 4; lastKnownFileType = sourcecode.c.h; path = ASICacheDelegate.h; sourceTree = "<group>"; };
		C7E4F0FB17F57A4C00B63B02 /* ASIDataCompressor.h */ = {isa = PBXFileReference; fileEncoding = 4; lastKnownFileType = sourcecode.c.h; path = ASIDataCompressor.h; sourceTree = "<group>"; };
		C7E4F0FC17F57A4C00B63B02 /* ASIDataCompressor.m */ = {isa = PBXFileReference; fileEncoding = 4; lastKnownFileType = sourcecode.c.objc; path = ASIDataCompressor.m; sourceTree = "<group>"; };
		C7E4F0FD17F57A4C00B63B02 /* ASIDataDecompressor.h */ = {isa = PBXFileReference; fileEncoding = 4; lastKnownFileType = sourcecode.c.h; path = ASIDataDecompressor.h; sourceTree = "<group>"; };
		C7E4F0FE17F57A4C00B63B02 /* ASIDataDecompressor.m */ = {isa = PBXFileReference; fileEncoding = 4; lastKnownFileType = sourcecode.c.objc; path = ASIDataDecompressor.m; sourceTree = "<group>"; };
		C7E4F0FF17F57A4C00B63B02 /* ASIDownloadCache.h */ = {isa = PBXFileReference; fileEncoding = 4; lastKnownFileType = sourcecode.c.h; path = ASIDownloadCache.h; sourceTree = "<group>"; };
		C7E4F10017F57A4C00B63B02 /* ASIDownloadCache.m */ = {isa = PBXFileReference; fileEncoding = 4; lastKnownFileType = sourcecode.c.objc; path = ASIDownloadCache.m; sourceTree = "<group>"; };
		C7E4F10117F57A4C00B63B02 /* ASIFormDataRequest.h */ = {isa = PBXFileReference; fileEncoding = 4; lastKnownFileType = sourcecode.c.h; path = ASIFormDataRequest.h; sourceTree = "<group>"; };
		C7E4F10217F57A4C00B63B02 /* ASIFormDataRequest.m */ = {isa = PBXFileReference; fileEncoding = 4; lastKnownFileType = sourcecode.c.objc; path = ASIFormDataRequest.m; sourceTree = "<group>"; };
		C7E4F10317F57A4C00B63B02 /* ASIHTTPRequest.h */ = {isa = PBXFileReference; fileEncoding = 4; lastKnownFileType = sourcecode.c.h; path = ASIHTTPRequest.h; sourceTree = "<group>"; };
		C7E4F10417F57A4C00B63B02 /* ASIHTTPRequest.m */ = {isa = PBXFileReference; fileEncoding = 4; lastKnownFileType = sourcecode.c.objc; path = ASIHTTPRequest.m; sourceTree = "<group>"; };
		C7E4F10517F57A4C00B63B02 /* ASIHTTPRequestConfig.h */ = {isa = PBXFileReference; fileEncoding = 4; lastKnownFileType = sourcecode.c.h; path = ASIHTTPRequestConfig.h; sourceTree = "<group>"; };
		C7E4F10617F57A4C00B63B02 /* ASIHTTPRequestDelegate.h */ = {isa = PBXFileReference; fileEncoding = 4; lastKnownFileType = sourcecode.c.h; path = ASIHTTPRequestDelegate.h; sourceTree = "<group>"; };
		C7E4F10717F57A4C00B63B02 /* ASIInputStream.h */ = {isa = PBXFileReference; fileEncoding = 4; lastKnownFileType = sourcecode.c.h; path = ASIInputStream.h; sourceTree = "<group>"; };
		C7E4F10817F57A4C00B63B02 /* ASIInputStream.m */ = {isa = PBXFileReference; fileEncoding = 4; lastKnownFileType = sourcecode.c.objc; path = ASIInputStream.m; sourceTree = "<group>"; };
		C7E4F10917F57A4C00B63B02 /* ASINetworkQueue.h */ = {isa = PBXFileReference; fileEncoding = 4; lastKnownFileType = sourcecode.c.h; path = ASINetworkQueue.h; sourceTree = "<group>"; };
		C7E4F10A17F57A4C00B63B02 /* ASINetworkQueue.m */ = {isa = PBXFileReference; fileEncoding = 4; lastKnownFileType = sourcecode.c.objc; path = ASINetworkQueue.m; sourceTree = "<group>"; };
		C7E4F10B17F57A4C00B63B02 /* ASIProgressDelegate.h */ = {isa = PBXFileReference; fileEncoding = 4; lastKnownFileType = sourcecode.c.h; path = ASIProgressDelegate.h; sourceTree = "<group>"; };
		C7E4F11717F57B6C00B63B02 /* Reachability.h */ = {isa = PBXFileReference; fileEncoding = 4; lastKnownFileType = sourcecode.c.h; path = Reachability.h; sourceTree = "<group>"; };
		C7E4F11817F57B6C00B63B02 /* Reachability.m */ = {isa = PBXFileReference; fileEncoding = 4; lastKnownFileType = sourcecode.c.objc; path = Reachability.m; sourceTree = "<group>"; };
		C7E4F11A17F57D6C00B63B02 /* Accelerate.framework */ = {isa = PBXFileReference; lastKnownFileType = wrapper.framework; name = Accelerate.framework; path = System/Library/Frameworks/Accelerate.framework; sourceTree = SDKROOT; };
		C7E4F11C17F57D8C00B63B02 /* CoreFoundation.framework */ = {isa = PBXFileReference; lastKnownFileType = wrapper.framework; name = CoreFoundation.framework; path = System/Library/Frameworks/CoreFoundation.framework; sourceTree = SDKROOT; };
		C7E4F11E17F57DA700B63B02 /* CFNetwork.framework */ = {isa = PBXFileReference; lastKnownFileType = wrapper.framework; name = CFNetwork.framework; path = System/Library/Frameworks/CFNetwork.framework; sourceTree = SDKROOT; };
		C7E4F12017F57DB800B63B02 /* Security.framework */ = {isa = PBXFileReference; lastKnownFileType = wrapper.framework; name = Security.framework; path = System/Library/Frameworks/Security.framework; sourceTree = SDKROOT; };
		C7E4F12217F57DCF00B63B02 /* SystemConfiguration.framework */ = {isa = PBXFileReference; lastKnownFileType = wrapper.framework; name = SystemConfiguration.framework; path = System/Library/Frameworks/SystemConfiguration.framework; sourceTree = SDKROOT; };
		C7E4F12417F57E7300B63B02 /* libz.dylib */ = {isa = PBXFileReference; lastKnownFileType = "compiled.mach-o.dylib"; name = libz.dylib; path = usr/lib/libz.dylib; sourceTree = SDKROOT; };
		C7E4F12617F57E8F00B63B02 /* libsqlite3.0.dylib */ = {isa = PBXFileReference; lastKnownFileType = "compiled.mach-o.dylib"; name = libsqlite3.0.dylib; path = usr/lib/libsqlite3.0.dylib; sourceTree = SDKROOT; };
		C7E4F12817F57E9E00B63B02 /* MobileCoreServices.framework */ = {isa = PBXFileReference; lastKnownFileType = wrapper.framework; name = MobileCoreServices.framework; path = System/Library/Frameworks/MobileCoreServices.framework; sourceTree = SDKROOT; };
		C7FBDD6A17F27E7400FE5E62 /* ProductViewController.h */ = {isa = PBXFileReference; fileEncoding = 4; lastKnownFileType = sourcecode.c.h; name = ProductViewController.h; path = Classes/controller/product/ProductViewController.h; sourceTree = SOURCE_ROOT; };
		C7FBDD6B17F27E7400FE5E62 /* ProductViewController.m */ = {isa = PBXFileReference; fileEncoding = 4; lastKnownFileType = sourcecode.c.objc; name = ProductViewController.m; path = Classes/controller/product/ProductViewController.m; sourceTree = SOURCE_ROOT; };
		C7FBDD6D17F27EDE00FE5E62 /* HistoryViewController.h */ = {isa = PBXFileReference; fileEncoding = 4; lastKnownFileType = sourcecode.c.h; name = HistoryViewController.h; path = Classes/controller/history/HistoryViewController.h; sourceTree = SOURCE_ROOT; };
		C7FBDD6E17F27EDE00FE5E62 /* HistoryViewController.m */ = {isa = PBXFileReference; fileEncoding = 4; lastKnownFileType = sourcecode.c.objc; name = HistoryViewController.m; path = Classes/controller/history/HistoryViewController.m; sourceTree = SOURCE_ROOT; };
		C7FBDD7217F27F4000FE5E62 /* ControlViewController.h */ = {isa = PBXFileReference; fileEncoding = 4; lastKnownFileType = sourcecode.c.h; name = ControlViewController.h; path = Classes/controller/control/ControlViewController.h; sourceTree = SOURCE_ROOT; };
		C7FBDD7317F27F4000FE5E62 /* ControlViewController.m */ = {isa = PBXFileReference; fileEncoding = 4; lastKnownFileType = sourcecode.c.objc; name = ControlViewController.m; path = Classes/controller/control/ControlViewController.m; sourceTree = SOURCE_ROOT; };
		C7FBDD7517F27F6300FE5E62 /* SystemViewController.h */ = {isa = PBXFileReference; fileEncoding = 4; lastKnownFileType = sourcecode.c.h; name = SystemViewController.h; path = Classes/controller/system/SystemViewController.h; sourceTree = SOURCE_ROOT; };
		C7FBDD7617F27F6300FE5E62 /* SystemViewController.m */ = {isa = PBXFileReference; fileEncoding = 4; lastKnownFileType = sourcecode.c.objc; name = SystemViewController.m; path = Classes/controller/system/SystemViewController.m; sourceTree = SOURCE_ROOT; };
		C7FBDD7817F2811F00FE5E62 /* ProductSmallView.h */ = {isa = PBXFileReference; fileEncoding = 4; lastKnownFileType = sourcecode.c.h; name = ProductSmallView.h; path = Classes/view/product/ProductSmallView.h; sourceTree = SOURCE_ROOT; };
		C7FBDD7917F2811F00FE5E62 /* ProductSmallView.m */ = {isa = PBXFileReference; fileEncoding = 4; lastKnownFileType = sourcecode.c.objc; name = ProductSmallView.m; path = Classes/view/product/ProductSmallView.m; sourceTree = SOURCE_ROOT; };
/* End PBXFileReference section */

/* Begin PBXFrameworksBuildPhase section */
		C759628A1796EA4F008C48D3 /* Frameworks */ = {
			isa = PBXFrameworksBuildPhase;
			buildActionMask = 2147483647;
			files = (
				C7E4F12917F57E9E00B63B02 /* MobileCoreServices.framework in Frameworks */,
				C7E4F12717F57E8F00B63B02 /* libsqlite3.0.dylib in Frameworks */,
				C7E4F12517F57E7300B63B02 /* libz.dylib in Frameworks */,
				C7E4F12317F57DCF00B63B02 /* SystemConfiguration.framework in Frameworks */,
				C7E4F12117F57DB800B63B02 /* Security.framework in Frameworks */,
				C7E4F11F17F57DA700B63B02 /* CFNetwork.framework in Frameworks */,
				C7E4F11D17F57D8C00B63B02 /* CoreFoundation.framework in Frameworks */,
				C75962911796EA4F008C48D3 /* UIKit.framework in Frameworks */,
				C75962931796EA4F008C48D3 /* Foundation.framework in Frameworks */,
				C75962951796EA4F008C48D3 /* CoreGraphics.framework in Frameworks */,
			);
			runOnlyForDeploymentPostprocessing = 0;
		};
/* End PBXFrameworksBuildPhase section */

/* Begin PBXGroup section */
		0106FEAE1856EEF000F21CC0 /* index */ = {
			isa = PBXGroup;
			children = (
				0106FEB218570B5300F21CC0 /* ProductMenuViewController.h */,
				0106FEB318570B5300F21CC0 /* ProductMenuViewController.m */,
				C798D02F17A0353300326F1C /* MainViewController.h */,
				C798D03017A0353300326F1C /* MainViewController.m */,
			);
			name = index;
			sourceTree = "<group>";
		};
		011FE52018555ADF000FEC42 /* color */ = {
			isa = PBXGroup;
			children = (
				011FE52118555B07000FEC42 /* ColorModel.h */,
				011FE52218555B07000FEC42 /* ColorModel.m */,
			);
			name = color;
			sourceTree = "<group>";
		};
		015DDD851851B7FD00D9D78F /* product */ = {
			isa = PBXGroup;
			children = (
				015DDD9D1851C04E00D9D78F /* products */,
				015DDD9C1851C04200D9D78F /* common */,
			);
			name = product;
			sourceTree = "<group>";
		};
		015DDD9B1851BB4C00D9D78F /* FMDB */ = {
			isa = PBXGroup;
			children = (
				015DDD8C1851BB4700D9D78F /* FMDatabase.h */,
				015DDD8D1851BB4700D9D78F /* FMDatabase.m */,
				015DDD8E1851BB4700D9D78F /* FMDatabaseAdditions.h */,
				015DDD8F1851BB4700D9D78F /* FMDatabaseAdditions.m */,
				015DDD901851BB4700D9D78F /* FMDatabasePool.h */,
				015DDD911851BB4700D9D78F /* FMDatabasePool.m */,
				015DDD921851BB4700D9D78F /* FMDatabaseQueue.h */,
				015DDD931851BB4700D9D78F /* FMDatabaseQueue.m */,
				015DDD941851BB4700D9D78F /* FMResultSet.h */,
				015DDD951851BB4700D9D78F /* FMResultSet.m */,
			);
			name = FMDB;
			sourceTree = "<group>";
		};
		015DDD9C1851C04200D9D78F /* common */ = {
			isa = PBXGroup;
			children = (
				011FE52018555ADF000FEC42 /* color */,
				015DDDA31851CA6500D9D78F /* ProductModel.h */,
				015DDDA41851CA6500D9D78F /* ProductModel.m */,
				015DDDA11851C55E00D9D78F /* ProductDefine.h */,
				011FE5241855C184000FEC42 /* ProductDrawDataProtocol.h */,
			);
			name = common;
			sourceTree = "<group>";
		};
		015DDD9D1851C04E00D9D78F /* products */ = {
			isa = PBXGroup;
			children = (
				015DDDA21851CA2F00D9D78F /* rvw */,
			);
			name = products;
			sourceTree = "<group>";
		};
		015DDDA21851CA2F00D9D78F /* rvw */ = {
			isa = PBXGroup;
			children = (
				015DDDA61851CA7F00D9D78F /* RVWDrawData.h */,
				015DDDA71851CA7F00D9D78F /* RVWDrawData.m */,
				015DDDA91851CA9F00D9D78F /* RVWDefine.h */,
			);
			name = rvw;
			sourceTree = "<group>";
		};
		C7274634179C2FD400FD5106 /* application */ = {
			isa = PBXGroup;
			children = (
				C798D02417A034DD00326F1C /* ApplicationController.h */,
				C798D02517A034DD00326F1C /* ApplicationController.m */,
			);
			name = application;
			sourceTree = "<group>";
		};
		C7274647179C369A00FD5106 /* vo */ = {
			isa = PBXGroup;
			children = (
				C7274648179C369A00FD5106 /* user */,
			);
			name = vo;
			path = Classes/model/vo;
			sourceTree = "<group>";
		};
		C7274648179C369A00FD5106 /* user */ = {
			isa = PBXGroup;
			children = (
				C798D02917A0350800326F1C /* UserVo.h */,
				C798D02A17A0350800326F1C /* UserVo.m */,
			);
			path = user;
			sourceTree = "<group>";
		};
		C727467F179C41E500FD5106 /* mainview */ = {
			isa = PBXGroup;
			children = (
				C798D03217A0354100326F1C /* MainView.h */,
				C798D03317A0354100326F1C /* MainView.m */,
				01751EA01859686E0091BD66 /* ProductMenuView.h */,
				01751EA11859686E0091BD66 /* ProductMenuView.m */,
			);
			name = mainview;
			sourceTree = "<group>";
		};
		C75962841796EA4F008C48D3 = {
			isa = PBXGroup;
			children = (
				C75962961796EA4F008C48D3 /* RadarIPad */,
				C759628F1796EA4F008C48D3 /* Frameworks */,
				C759628E1796EA4F008C48D3 /* Products */,
			);
			sourceTree = "<group>";
		};
		C759628E1796EA4F008C48D3 /* Products */ = {
			isa = PBXGroup;
			children = (
				C759628D1796EA4F008C48D3 /* RadarIPad.app */,
			);
			name = Products;
			sourceTree = "<group>";
		};
		C759628F1796EA4F008C48D3 /* Frameworks */ = {
			isa = PBXGroup;
			children = (
				C7E4F12817F57E9E00B63B02 /* MobileCoreServices.framework */,
				C7E4F12617F57E8F00B63B02 /* libsqlite3.0.dylib */,
				C7E4F12417F57E7300B63B02 /* libz.dylib */,
				C7E4F12217F57DCF00B63B02 /* SystemConfiguration.framework */,
				C7E4F12017F57DB800B63B02 /* Security.framework */,
				C7E4F11E17F57DA700B63B02 /* CFNetwork.framework */,
				C7E4F11C17F57D8C00B63B02 /* CoreFoundation.framework */,
				C7E4F11A17F57D6C00B63B02 /* Accelerate.framework */,
				C75962901796EA4F008C48D3 /* UIKit.framework */,
				C75962921796EA4F008C48D3 /* Foundation.framework */,
				C75962941796EA4F008C48D3 /* CoreGraphics.framework */,
				C75962AE1796EA4F008C48D3 /* SenTestingKit.framework */,
			);
			name = Frameworks;
			sourceTree = "<group>";
		};
		C75962961796EA4F008C48D3 /* RadarIPad */ = {
			isa = PBXGroup;
			children = (
				C75962CF1796F126008C48D3 /* Classes */,
				C75962C71796EDFF008C48D3 /* Image */,
				C75962971796EA4F008C48D3 /* Supporting Files */,
			);
			path = RadarIPad;
			sourceTree = "<group>";
		};
		C75962971796EA4F008C48D3 /* Supporting Files */ = {
			isa = PBXGroup;
			children = (
				C798D01A17A02E9700326F1C /* RadarIPad-Info.plist */,
				C798D02717A034ED00326F1C /* main.m */,
				C798D06B17A0357100326F1C /* RadarIPad-Prefix.pch */,
			);
			name = "Supporting Files";
			sourceTree = "<group>";
		};
		C75962C71796EDFF008C48D3 /* Image */ = {
			isa = PBXGroup;
			children = (
				C798D03517A0355000326F1C /* btn_buttom_highlighted.png */,
				C798D03617A0355000326F1C /* btn_buttom_normal.png */,
				011718471859571E000D821B /* Default.png */,
				011718481859571E000D821B /* Default~ipad.png */,
				C798D03717A0355000326F1C /* btn_middle_highlighted.png */,
				C798D03817A0355000326F1C /* btn_middle_normal.png */,
				C798D03917A0355000326F1C /* btn_top_highlighted.png */,
				C798D03A17A0355000326F1C /* btn_top_normal.png */,
				017280B01850ADBA00347CC4 /* first.png */,
				017280B11850ADBA00347CC4 /* first@2x.png */,
				C798D03B17A0355000326F1C /* cellselectbtn_highlighted.png */,
				C798D03C17A0355000326F1C /* cellselectbtn_normal.png */,
				C798D03D17A0355000326F1C /* friendlist_cellbtn_highlighted.png */,
				C798D03E17A0355000326F1C /* friendlist_cellbtn_normal.png */,
				017280AE1850A70A00347CC4 /* icon@2x.png */,
				C798D03F17A0355000326F1C /* login_highlight.png */,
				017280A91850A69400347CC4 /* icon.png */,
				C798D04017A0355000326F1C /* login_highlight@2x.png */,
				C798D04117A0355000326F1C /* login_normal.png */,
				C798D04217A0355000326F1C /* login_normal@2x.png */,
				C798D04317A0355000326F1C /* login_tourist_highlight.png */,
				C798D04417A0355000326F1C /* login_tourist_normal.png */,
				C798D04517A0355000326F1C /* rowBtn_highlighted.png */,
				C798D04617A0355000326F1C /* rowBtn.png */,
				C798D04717A0355000326F1C /* textfield_buttom.png */,
				C798D04817A0355000326F1C /* textfield_middle.png */,
				C798D04917A0355000326F1C /* textfield_top.png */,
				C798D04A17A0355000326F1C /* textinput.png */,
				C798D04B17A0355000326F1C /* touxiang@2x.png */,
				C798D04C17A0355000326F1C /* touxiang2@2x.png */,
			);
			name = Image;
			sourceTree = "<group>";
		};
		C75962CF1796F126008C48D3 /* Classes */ = {
			isa = PBXGroup;
			children = (
				C75962D21796F154008C48D3 /* controller */,
				C75962D01796F146008C48D3 /* model */,
				C75962D31796F161008C48D3 /* util */,
				C75962D11796F14E008C48D3 /* view */,
			);
			name = Classes;
			sourceTree = "<group>";
		};
		C75962D01796F146008C48D3 /* model */ = {
			isa = PBXGroup;
			children = (
				015DDD851851B7FD00D9D78F /* product */,
				C7E4F0F017F5799300B63B02 /* socket */,
				C7E4F0EC17F5792800B63B02 /* user */,
				C7274647179C369A00FD5106 /* vo */,
			);
			name = model;
			sourceTree = "<group>";
		};
		C75962D11796F14E008C48D3 /* view */ = {
			isa = PBXGroup;
			children = (
				C7FBDD7117F27F2800FE5E62 /* control */,
				C7FBDD6617F27DD200FE5E62 /* history */,
				C75962E01796F6D4008C48D3 /* login */,
				C727467F179C41E500FD5106 /* mainview */,
				C7FBDD6517F27DCB00FE5E62 /* product */,
				C7FBDD6417F27DC500FE5E62 /* system */,
			);
			name = view;
			sourceTree = "<group>";
		};
		C75962D21796F154008C48D3 /* controller */ = {
			isa = PBXGroup;
			children = (
				0106FEAE1856EEF000F21CC0 /* index */,
				C7FBDD7017F27F1800FE5E62 /* control */,
				C7274634179C2FD400FD5106 /* application */,
				C7FBDD5F17F27D5000FE5E62 /* history */,
				C75962DC1796F568008C48D3 /* login */,
				C7FBDD6017F27D7B00FE5E62 /* product */,
				C7FBDD6217F27DB400FE5E62 /* system */,
			);
			name = controller;
			sourceTree = "<group>";
		};
		C75962D31796F161008C48D3 /* util */ = {
			isa = PBXGroup;
			children = (
				C798D02C17A0352900326F1C /* AppDelegate.h */,
				C798D02D17A0352900326F1C /* AppDelegate.m */,
				C7E4F0F117F57A3300B63B02 /* external */,
			);
			name = util;
			sourceTree = "<group>";
		};
		C75962DC1796F568008C48D3 /* login */ = {
			isa = PBXGroup;
			children = (
				C798D02117A034B400326F1C /* LoginViewController.h */,
				C798D02217A034B400326F1C /* LoginViewController.m */,
			);
			name = login;
			sourceTree = "<group>";
		};
		C75962E01796F6D4008C48D3 /* login */ = {
			isa = PBXGroup;
			children = (
				C798D01E17A034A900326F1C /* LoginView.h */,
				C798D01F17A034A900326F1C /* LoginView.m */,
			);
			name = login;
			sourceTree = "<group>";
		};
		C7E4F0EC17F5792800B63B02 /* user */ = {
			isa = PBXGroup;
			children = (
				C7E4F0ED17F5795400B63B02 /* UserModel.h */,
				C7E4F0EE17F5795400B63B02 /* UserModel.m */,
			);
			name = user;
			sourceTree = "<group>";
		};
		C7E4F0F017F5799300B63B02 /* socket */ = {
			isa = PBXGroup;
			children = (
			);
			name = socket;
			sourceTree = "<group>";
		};
		C7E4F0F117F57A3300B63B02 /* external */ = {
			isa = PBXGroup;
			children = (
				015DDD9B1851BB4C00D9D78F /* FMDB */,
				C7E4F11617F57B6C00B63B02 /* Reachability */,
				C7E4F0F217F57A4C00B63B02 /* AsyncSocket */,
				C7E4F0F717F57A4C00B63B02 /* ASI */,
			);
			name = external;
			sourceTree = "<group>";
		};
		C7E4F0F217F57A4C00B63B02 /* AsyncSocket */ = {
			isa = PBXGroup;
			children = (
				C7E4F0F317F57A4C00B63B02 /* GCDAsyncSocket.h */,
				C7E4F0F417F57A4C00B63B02 /* GCDAsyncSocket.m */,
				C7E4F0F517F57A4C00B63B02 /* GCDAsyncUdpSocket.h */,
				C7E4F0F617F57A4C00B63B02 /* GCDAsyncUdpSocket.m */,
			);
			name = AsyncSocket;
			path = Classes/util/external/AsyncSocket;
			sourceTree = SOURCE_ROOT;
		};
		C7E4F0F717F57A4C00B63B02 /* ASI */ = {
			isa = PBXGroup;
			children = (
				C7E4F0F817F57A4C00B63B02 /* ASIAuthenticationDialog.h */,
				C7E4F0F917F57A4C00B63B02 /* ASIAuthenticationDialog.m */,
				C7E4F0FA17F57A4C00B63B02 /* ASICacheDelegate.h */,
				C7E4F0FB17F57A4C00B63B02 /* ASIDataCompressor.h */,
				C7E4F0FC17F57A4C00B63B02 /* ASIDataCompressor.m */,
				C7E4F0FD17F57A4C00B63B02 /* ASIDataDecompressor.h */,
				C7E4F0FE17F57A4C00B63B02 /* ASIDataDecompressor.m */,
				C7E4F0FF17F57A4C00B63B02 /* ASIDownloadCache.h */,
				C7E4F10017F57A4C00B63B02 /* ASIDownloadCache.m */,
				C7E4F10117F57A4C00B63B02 /* ASIFormDataRequest.h */,
				C7E4F10217F57A4C00B63B02 /* ASIFormDataRequest.m */,
				C7E4F10317F57A4C00B63B02 /* ASIHTTPRequest.h */,
				C7E4F10417F57A4C00B63B02 /* ASIHTTPRequest.m */,
				C7E4F10517F57A4C00B63B02 /* ASIHTTPRequestConfig.h */,
				C7E4F10617F57A4C00B63B02 /* ASIHTTPRequestDelegate.h */,
				C7E4F10717F57A4C00B63B02 /* ASIInputStream.h */,
				C7E4F10817F57A4C00B63B02 /* ASIInputStream.m */,
				C7E4F10917F57A4C00B63B02 /* ASINetworkQueue.h */,
				C7E4F10A17F57A4C00B63B02 /* ASINetworkQueue.m */,
				C7E4F10B17F57A4C00B63B02 /* ASIProgressDelegate.h */,
			);
			name = ASI;
			path = Classes/util/external/ASI;
			sourceTree = SOURCE_ROOT;
		};
		C7E4F11617F57B6C00B63B02 /* Reachability */ = {
			isa = PBXGroup;
			children = (
				C7E4F11717F57B6C00B63B02 /* Reachability.h */,
				C7E4F11817F57B6C00B63B02 /* Reachability.m */,
			);
			name = Reachability;
			path = Classes/util/external/Reachability;
			sourceTree = SOURCE_ROOT;
		};
		C7FBDD5F17F27D5000FE5E62 /* history */ = {
			isa = PBXGroup;
			children = (
				C7FBDD6D17F27EDE00FE5E62 /* HistoryViewController.h */,
				C7FBDD6E17F27EDE00FE5E62 /* HistoryViewController.m */,
			);
			name = history;
			sourceTree = "<group>";
		};
		C7FBDD6017F27D7B00FE5E62 /* product */ = {
			isa = PBXGroup;
			children = (
				C7FBDD6A17F27E7400FE5E62 /* ProductViewController.h */,
				C7FBDD6B17F27E7400FE5E62 /* ProductViewController.m */,
			);
			name = product;
			sourceTree = "<group>";
		};
		C7FBDD6217F27DB400FE5E62 /* system */ = {
			isa = PBXGroup;
			children = (
				C7FBDD7517F27F6300FE5E62 /* SystemViewController.h */,
				C7FBDD7617F27F6300FE5E62 /* SystemViewController.m */,
			);
			name = system;
			sourceTree = "<group>";
		};
		C7FBDD6417F27DC500FE5E62 /* system */ = {
			isa = PBXGroup;
			children = (
				C7E4F0E917F5776800B63B02 /* SystemView.h */,
				C7E4F0EA17F5776800B63B02 /* SystemView.m */,
			);
			name = system;
			sourceTree = "<group>";
		};
		C7FBDD6517F27DCB00FE5E62 /* product */ = {
			isa = PBXGroup;
			children = (
				C7FBDD7817F2811F00FE5E62 /* ProductSmallView.h */,
				C7FBDD7917F2811F00FE5E62 /* ProductSmallView.m */,
				C7C33A3317F2D52A001A1C50 /* ProductView.h */,
				C7C33A3417F2D52A001A1C50 /* ProductView.m */,
				C705D4EF17F587770034A986 /* ProductDataTableView.h */,
				C705D4F017F587770034A986 /* ProductDataTableView.m */,
			);
			name = product;
			sourceTree = "<group>";
		};
		C7FBDD6617F27DD200FE5E62 /* history */ = {
			isa = PBXGroup;
			children = (
				C7C33A3017F2BCA8001A1C50 /* HistoryView.h */,
				C7C33A3117F2BCA8001A1C50 /* HistoryView.m */,
			);
			name = history;
			sourceTree = "<group>";
		};
		C7FBDD7017F27F1800FE5E62 /* control */ = {
			isa = PBXGroup;
			children = (
				C7FBDD7217F27F4000FE5E62 /* ControlViewController.h */,
				C7FBDD7317F27F4000FE5E62 /* ControlViewController.m */,
			);
			name = control;
			sourceTree = "<group>";
		};
		C7FBDD7117F27F2800FE5E62 /* control */ = {
			isa = PBXGroup;
			children = (
				C7C33A3717F2DD07001A1C50 /* ControlView.h */,
				C7C33A3617F2DD07001A1C50 /* ControlView.m */,
			);
			name = control;
			sourceTree = "<group>";
		};
/* End PBXGroup section */

/* Begin PBXNativeTarget section */
		C759628C1796EA4F008C48D3 /* RadarIPad */ = {
			isa = PBXNativeTarget;
			buildConfigurationList = C75962BF1796EA4F008C48D3 /* Build configuration list for PBXNativeTarget "RadarIPad" */;
			buildPhases = (
				C75962891796EA4F008C48D3 /* Sources */,
				C759628A1796EA4F008C48D3 /* Frameworks */,
				C759628B1796EA4F008C48D3 /* Resources */,
			);
			buildRules = (
			);
			dependencies = (
			);
			name = RadarIPad;
			productName = RadarIPad;
			productReference = C759628D1796EA4F008C48D3 /* RadarIPad.app */;
			productType = "com.apple.product-type.application";
		};
/* End PBXNativeTarget section */

/* Begin PBXProject section */
		C75962851796EA4F008C48D3 /* Project object */ = {
			isa = PBXProject;
			attributes = {
				LastUpgradeCheck = 0460;
				ORGANIZATIONNAME = "Yachen Dai";
			};
			buildConfigurationList = C75962881796EA4F008C48D3 /* Build configuration list for PBXProject "RadarIPad" */;
			compatibilityVersion = "Xcode 3.2";
			developmentRegion = English;
			hasScannedForEncodings = 0;
			knownRegions = (
				en,
				"zh-Hans-CN",
			);
			mainGroup = C75962841796EA4F008C48D3;
			productRefGroup = C759628E1796EA4F008C48D3 /* Products */;
			projectDirPath = "";
			projectRoot = "";
			targets = (
				C759628C1796EA4F008C48D3 /* RadarIPad */,
			);
		};
/* End PBXProject section */

/* Begin PBXResourcesBuildPhase section */
		C759628B1796EA4F008C48D3 /* Resources */ = {
			isa = PBXResourcesBuildPhase;
			buildActionMask = 2147483647;
			files = (
				C798D04E17A0355000326F1C /* btn_buttom_highlighted.png in Resources */,
				017280B21850ADBA00347CC4 /* first.png in Resources */,
				011718491859571E000D821B /* Default.png in Resources */,
				C798D04F17A0355000326F1C /* btn_buttom_normal.png in Resources */,
				C798D05017A0355000326F1C /* btn_middle_highlighted.png in Resources */,
				C798D05117A0355000326F1C /* btn_middle_normal.png in Resources */,
				C798D05217A0355000326F1C /* btn_top_highlighted.png in Resources */,
				C798D05317A0355000326F1C /* btn_top_normal.png in Resources */,
				C798D05417A0355000326F1C /* cellselectbtn_highlighted.png in Resources */,
				C798D05517A0355000326F1C /* cellselectbtn_normal.png in Resources */,
				017280AA1850A69400347CC4 /* icon.png in Resources */,
				017280AF1850A70A00347CC4 /* icon@2x.png in Resources */,
				C798D05617A0355000326F1C /* friendlist_cellbtn_highlighted.png in Resources */,
				C798D05717A0355000326F1C /* friendlist_cellbtn_normal.png in Resources */,
				C798D05817A0355000326F1C /* login_highlight.png in Resources */,
				C798D05917A0355000326F1C /* login_highlight@2x.png in Resources */,
				0117184A1859571E000D821B /* Default~ipad.png in Resources */,
				017280B31850ADBA00347CC4 /* first@2x.png in Resources */,
				C798D05A17A0355000326F1C /* login_normal.png in Resources */,
				C798D05B17A0355000326F1C /* login_normal@2x.png in Resources */,
				C798D05C17A0355000326F1C /* login_tourist_highlight.png in Resources */,
				C798D05D17A0355000326F1C /* login_tourist_normal.png in Resources */,
				C798D05E17A0355000326F1C /* rowBtn_highlighted.png in Resources */,
				C798D05F17A0355000326F1C /* rowBtn.png in Resources */,
				C798D06017A0355000326F1C /* textfield_buttom.png in Resources */,
				C798D06117A0355000326F1C /* textfield_middle.png in Resources */,
				C798D06217A0355000326F1C /* textfield_top.png in Resources */,
				C798D06317A0355000326F1C /* textinput.png in Resources */,
				C798D06417A0355000326F1C /* touxiang@2x.png in Resources */,
				C798D06517A0355000326F1C /* touxiang2@2x.png in Resources */,
			);
			runOnlyForDeploymentPostprocessing = 0;
		};
/* End PBXResourcesBuildPhase section */

/* Begin PBXSourcesBuildPhase section */
		C75962891796EA4F008C48D3 /* Sources */ = {
			isa = PBXSourcesBuildPhase;
			buildActionMask = 2147483647;
			files = (
				C7E4F11217F57A4C00B63B02 /* ASIFormDataRequest.m in Sources */,
				C798D02017A034A900326F1C /* LoginView.m in Sources */,
				C7FBDD7717F27F6300FE5E62 /* SystemViewController.m in Sources */,
				C7E4F0EB17F5776800B63B02 /* SystemView.m in Sources */,
				C798D02317A034B400326F1C /* LoginViewController.m in Sources */,
				01751EA21859686E0091BD66 /* ProductMenuView.m in Sources */,
				015DDDA81851CA7F00D9D78F /* RVWDrawData.m in Sources */,
				C7FBDD6C17F27E7400FE5E62 /* ProductViewController.m in Sources */,
				015DDD9A1851BB4700D9D78F /* FMResultSet.m in Sources */,
				C7C33A3817F2DD07001A1C50 /* ControlView.m in Sources */,
				C7FBDD7417F27F4000FE5E62 /* ControlViewController.m in Sources */,
				C798D02617A034DD00326F1C /* ApplicationController.m in Sources */,
				011FE52318555B07000FEC42 /* ColorModel.m in Sources */,
				C7E4F10F17F57A4C00B63B02 /* ASIDataCompressor.m in Sources */,
				015DDD991851BB4700D9D78F /* FMDatabaseQueue.m in Sources */,
				C7E4F0EF17F5795400B63B02 /* UserModel.m in Sources */,
				C7FBDD6F17F27EDE00FE5E62 /* HistoryViewController.m in Sources */,
				C7C33A3217F2BCA8001A1C50 /* HistoryView.m in Sources */,
				C798D02817A034ED00326F1C /* main.m in Sources */,
				C7E4F11417F57A4C00B63B02 /* ASIInputStream.m in Sources */,
				015DDD961851BB4700D9D78F /* FMDatabase.m in Sources */,
				C798D02B17A0350800326F1C /* UserVo.m in Sources */,
				0106FEB418570B5300F21CC0 /* ProductMenuViewController.m in Sources */,
				015DDDA51851CA6500D9D78F /* ProductModel.m in Sources */,
				C7E4F11117F57A4C00B63B02 /* ASIDownloadCache.m in Sources */,
				C798D02E17A0352900326F1C /* AppDelegate.m in Sources */,
				C7C33A3517F2D52A001A1C50 /* ProductView.m in Sources */,
				C798D03117A0353300326F1C /* MainViewController.m in Sources */,
				C7E4F11317F57A4C00B63B02 /* ASIHTTPRequest.m in Sources */,
				C7E4F10D17F57A4C00B63B02 /* GCDAsyncUdpSocket.m in Sources */,
				C7E4F11017F57A4C00B63B02 /* ASIDataDecompressor.m in Sources */,
				C7FBDD7A17F2811F00FE5E62 /* ProductSmallView.m in Sources */,
				C7E4F11917F57B6C00B63B02 /* Reachability.m in Sources */,
				C705D4F117F587770034A986 /* ProductDataTableView.m in Sources */,
				C7E4F11517F57A4C00B63B02 /* ASINetworkQueue.m in Sources */,
				015DDD971851BB4700D9D78F /* FMDatabaseAdditions.m in Sources */,
				C7E4F10C17F57A4C00B63B02 /* GCDAsyncSocket.m in Sources */,
				C7E4F10E17F57A4C00B63B02 /* ASIAuthenticationDialog.m in Sources */,
				C798D03417A0354100326F1C /* MainView.m in Sources */,
				015DDD981851BB4700D9D78F /* FMDatabasePool.m in Sources */,
			);
			runOnlyForDeploymentPostprocessing = 0;
		};
/* End PBXSourcesBuildPhase section */

/* Begin XCBuildConfiguration section */
		C75962BD1796EA4F008C48D3 /* Debug */ = {
			isa = XCBuildConfiguration;
			buildSettings = {
				ALWAYS_SEARCH_USER_PATHS = NO;
				CLANG_CXX_LANGUAGE_STANDARD = "gnu++0x";
				CLANG_CXX_LIBRARY = "libc++";
				CLANG_ENABLE_OBJC_ARC = YES;
				CLANG_WARN_CONSTANT_CONVERSION = YES;
				CLANG_WARN_EMPTY_BODY = YES;
				CLANG_WARN_ENUM_CONVERSION = YES;
				CLANG_WARN_INT_CONVERSION = YES;
				CLANG_WARN__DUPLICATE_METHOD_MATCH = YES;
				"CODE_SIGN_IDENTITY[sdk=iphoneos*]" = "iPhone Developer";
				COPY_PHASE_STRIP = NO;
				GCC_C_LANGUAGE_STANDARD = gnu99;
				GCC_DYNAMIC_NO_PIC = NO;
				GCC_OPTIMIZATION_LEVEL = 0;
				GCC_PREPROCESSOR_DEFINITIONS = (
					"DEBUG=1",
					"$(inherited)",
				);
				GCC_SYMBOLS_PRIVATE_EXTERN = NO;
				GCC_WARN_ABOUT_RETURN_TYPE = YES;
				GCC_WARN_UNINITIALIZED_AUTOS = YES;
				GCC_WARN_UNUSED_VARIABLE = YES;
				IPHONEOS_DEPLOYMENT_TARGET = 5.0;
				ONLY_ACTIVE_ARCH = YES;
				SDKROOT = iphoneos;
				TARGETED_DEVICE_FAMILY = 2;
			};
			name = Debug;
		};
		C75962BE1796EA4F008C48D3 /* Release */ = {
			isa = XCBuildConfiguration;
			buildSettings = {
				ALWAYS_SEARCH_USER_PATHS = NO;
				CLANG_CXX_LANGUAGE_STANDARD = "gnu++0x";
				CLANG_CXX_LIBRARY = "libc++";
				CLANG_ENABLE_OBJC_ARC = YES;
				CLANG_WARN_CONSTANT_CONVERSION = YES;
				CLANG_WARN_EMPTY_BODY = YES;
				CLANG_WARN_ENUM_CONVERSION = YES;
				CLANG_WARN_INT_CONVERSION = YES;
				CLANG_WARN__DUPLICATE_METHOD_MATCH = YES;
				"CODE_SIGN_IDENTITY[sdk=iphoneos*]" = "iPhone Developer";
				COPY_PHASE_STRIP = YES;
				GCC_C_LANGUAGE_STANDARD = gnu99;
				GCC_WARN_ABOUT_RETURN_TYPE = YES;
				GCC_WARN_UNINITIALIZED_AUTOS = YES;
				GCC_WARN_UNUSED_VARIABLE = YES;
				IPHONEOS_DEPLOYMENT_TARGET = 5.0;
				OTHER_CFLAGS = "-DNS_BLOCK_ASSERTIONS=1";
				SDKROOT = iphoneos;
				TARGETED_DEVICE_FAMILY = 2;
				VALIDATE_PRODUCT = YES;
			};
			name = Release;
		};
		C75962C01796EA4F008C48D3 /* Debug */ = {
			isa = XCBuildConfiguration;
			buildSettings = {
				GCC_PRECOMPILE_PREFIX_HEADER = YES;
				GCC_PREFIX_HEADER = "RadarIPad-Prefix.pch";
				INFOPLIST_FILE = "RadarIPad-Info.plist";
				IPHONEOS_DEPLOYMENT_TARGET = 5.1;
				LIBRARY_SEARCH_PATHS = "";
				PRODUCT_NAME = "$(TARGET_NAME)";
				TARGETED_DEVICE_FAMILY = 2;
				WRAPPER_EXTENSION = app;
			};
			name = Debug;
		};
		C75962C11796EA4F008C48D3 /* Release */ = {
			isa = XCBuildConfiguration;
			buildSettings = {
				GCC_PRECOMPILE_PREFIX_HEADER = YES;
				GCC_PREFIX_HEADER = "RadarIPad-Prefix.pch";
				INFOPLIST_FILE = "RadarIPad-Info.plist";
				IPHONEOS_DEPLOYMENT_TARGET = 5.1;
				LIBRARY_SEARCH_PATHS = "";
				PRODUCT_NAME = "$(TARGET_NAME)";
				TARGETED_DEVICE_FAMILY = 2;
				WRAPPER_EXTENSION = app;
			};
			name = Release;
		};
/* End XCBuildConfiguration section */

/* Begin XCConfigurationList section */
		C75962881796EA4F008C48D3 /* Build configuration list for PBXProject "RadarIPad" */ = {
			isa = XCConfigurationList;
			buildConfigurations = (
				C75962BD1796EA4F008C48D3 /* Debug */,
				C75962BE1796EA4F008C48D3 /* Release */,
			);
			defaultConfigurationIsVisible = 0;
			defaultConfigurationName = Release;
		};
		C75962BF1796EA4F008C48D3 /* Build configuration list for PBXNativeTarget "RadarIPad" */ = {
			isa = XCConfigurationList;
			buildConfigurations = (
				C75962C01796EA4F008C48D3 /* Debug */,
				C75962C11796EA4F008C48D3 /* Release */,
			);
			defaultConfigurationIsVisible = 0;
			defaultConfigurationName = Release;
		};
/* End XCConfigurationList section */
	};
	rootObject = C75962851796EA4F008C48D3 /* Project object */;
}
