// !$*UTF8*$!
{
	archiveVersion = 1;
	classes = {
	};
	objectVersion = 46;
	objects = {

/* Begin PBXBuildFile section */
		C75962911796EA4F008C48D3 /* UIKit.framework in Frameworks */ = {isa = PBXBuildFile; fileRef = C75962901796EA4F008C48D3 /* UIKit.framework */; };
		C75962931796EA4F008C48D3 /* Foundation.framework in Frameworks */ = {isa = PBXBuildFile; fileRef = C75962921796EA4F008C48D3 /* Foundation.framework */; };
		C75962951796EA4F008C48D3 /* CoreGraphics.framework in Frameworks */ = {isa = PBXBuildFile; fileRef = C75962941796EA4F008C48D3 /* CoreGraphics.framework */; };
		C798D02017A034A900326F1C /* LoginView.m in Sources */ = {isa = PBXBuildFile; fileRef = C798D01F17A034A900326F1C /* LoginView.m */; };
		C798D02317A034B400326F1C /* LoginViewController.m in Sources */ = {isa = PBXBuildFile; fileRef = C798D02217A034B400326F1C /* LoginViewController.m */; };
		C798D02617A034DD00326F1C /* ApplicationController.m in Sources */ = {isa = PBXBuildFile; fileRef = C798D02517A034DD00326F1C /* ApplicationController.m */; };
		C798D02817A034ED00326F1C /* main.m in Sources */ = {isa = PBXBuildFile; fileRef = C798D02717A034ED00326F1C /* main.m */; };
		C798D02B17A0350800326F1C /* UserVo.m in Sources */ = {isa = PBXBuildFile; fileRef = C798D02A17A0350800326F1C /* UserVo.m */; };
		C798D02E17A0352900326F1C /* AppDelegate.m in Sources */ = {isa = PBXBuildFile; fileRef = C798D02D17A0352900326F1C /* AppDelegate.m */; };
		C798D03117A0353300326F1C /* MainViewController.m in Sources */ = {isa = PBXBuildFile; fileRef = C798D03017A0353300326F1C /* MainViewController.m */; };
		C798D03417A0354100326F1C /* MainView.m in Sources */ = {isa = PBXBuildFile; fileRef = C798D03317A0354100326F1C /* MainView.m */; };
		C798D04E17A0355000326F1C /* btn_buttom_highlighted.png in Resources */ = {isa = PBXBuildFile; fileRef = C798D03517A0355000326F1C /* btn_buttom_highlighted.png */; };
		C798D04F17A0355000326F1C /* btn_buttom_normal.png in Resources */ = {isa = PBXBuildFile; fileRef = C798D03617A0355000326F1C /* btn_buttom_normal.png */; };
		C798D05017A0355000326F1C /* btn_middle_highlighted.png in Resources */ = {isa = PBXBuildFile; fileRef = C798D03717A0355000326F1C /* btn_middle_highlighted.png */; };
		C798D05117A0355000326F1C /* btn_middle_normal.png in Resources */ = {isa = PBXBuildFile; fileRef = C798D03817A0355000326F1C /* btn_middle_normal.png */; };
		C798D05217A0355000326F1C /* btn_top_highlighted.png in Resources */ = {isa = PBXBuildFile; fileRef = C798D03917A0355000326F1C /* btn_top_highlighted.png */; };
		C798D05317A0355000326F1C /* btn_top_normal.png in Resources */ = {isa = PBXBuildFile; fileRef = C798D03A17A0355000326F1C /* btn_top_normal.png */; };
		C798D05417A0355000326F1C /* cellselectbtn_highlighted.png in Resources */ = {isa = PBXBuildFile; fileRef = C798D03B17A0355000326F1C /* cellselectbtn_highlighted.png */; };
		C798D05517A0355000326F1C /* cellselectbtn_normal.png in Resources */ = {isa = PBXBuildFile; fileRef = C798D03C17A0355000326F1C /* cellselectbtn_normal.png */; };
		C798D05617A0355000326F1C /* friendlist_cellbtn_highlighted.png in Resources */ = {isa = PBXBuildFile; fileRef = C798D03D17A0355000326F1C /* friendlist_cellbtn_highlighted.png */; };
		C798D05717A0355000326F1C /* friendlist_cellbtn_normal.png in Resources */ = {isa = PBXBuildFile; fileRef = C798D03E17A0355000326F1C /* friendlist_cellbtn_normal.png */; };
		C798D05817A0355000326F1C /* login_highlight.png in Resources */ = {isa = PBXBuildFile; fileRef = C798D03F17A0355000326F1C /* login_highlight.png */; };
		C798D05917A0355000326F1C /* login_highlight@2x.png in Resources */ = {isa = PBXBuildFile; fileRef = C798D04017A0355000326F1C /* login_highlight@2x.png */; };
		C798D05A17A0355000326F1C /* login_normal.png in Resources */ = {isa = PBXBuildFile; fileRef = C798D04117A0355000326F1C /* login_normal.png */; };
		C798D05B17A0355000326F1C /* login_normal@2x.png in Resources */ = {isa = PBXBuildFile; fileRef = C798D04217A0355000326F1C /* login_normal@2x.png */; };
		C798D05C17A0355000326F1C /* login_tourist_highlight.png in Resources */ = {isa = PBXBuildFile; fileRef = C798D04317A0355000326F1C /* login_tourist_highlight.png */; };
		C798D05D17A0355000326F1C /* login_tourist_normal.png in Resources */ = {isa = PBXBuildFile; fileRef = C798D04417A0355000326F1C /* login_tourist_normal.png */; };
		C798D05E17A0355000326F1C /* rowBtn_highlighted.png in Resources */ = {isa = PBXBuildFile; fileRef = C798D04517A0355000326F1C /* rowBtn_highlighted.png */; };
		C798D05F17A0355000326F1C /* rowBtn.png in Resources */ = {isa = PBXBuildFile; fileRef = C798D04617A0355000326F1C /* rowBtn.png */; };
		C798D06017A0355000326F1C /* textfield_buttom.png in Resources */ = {isa = PBXBuildFile; fileRef = C798D04717A0355000326F1C /* textfield_buttom.png */; };
		C798D06117A0355000326F1C /* textfield_middle.png in Resources */ = {isa = PBXBuildFile; fileRef = C798D04817A0355000326F1C /* textfield_middle.png */; };
		C798D06217A0355000326F1C /* textfield_top.png in Resources */ = {isa = PBXBuildFile; fileRef = C798D04917A0355000326F1C /* textfield_top.png */; };
		C798D06317A0355000326F1C /* textinput.png in Resources */ = {isa = PBXBuildFile; fileRef = C798D04A17A0355000326F1C /* textinput.png */; };
		C798D06417A0355000326F1C /* touxiang@2x.png in Resources */ = {isa = PBXBuildFile; fileRef = C798D04B17A0355000326F1C /* touxiang@2x.png */; };
		C798D06517A0355000326F1C /* touxiang2@2x.png in Resources */ = {isa = PBXBuildFile; fileRef = C798D04C17A0355000326F1C /* touxiang2@2x.png */; };
		C798D06617A0355000326F1C /* welcome.psd in Resources */ = {isa = PBXBuildFile; fileRef = C798D04D17A0355000326F1C /* welcome.psd */; };
		C798D06917A0355E00326F1C /*  Default-Landscape@2x~ipad.png in Resources */ = {isa = PBXBuildFile; fileRef = C798D06717A0355E00326F1C /*  Default-Landscape@2x~ipad.png */; };
		C798D06A17A0355E00326F1C /*  Default-Landscape~ipad.png in Resources */ = {isa = PBXBuildFile; fileRef = C798D06817A0355E00326F1C /*  Default-Landscape~ipad.png */; };
/* End PBXBuildFile section */

/* Begin PBXFileReference section */
		C759628D1796EA4F008C48D3 /* RadarIPad.app */ = {isa = PBXFileReference; explicitFileType = wrapper.application; includeInIndex = 0; path = RadarIPad.app; sourceTree = BUILT_PRODUCTS_DIR; };
		C75962901796EA4F008C48D3 /* UIKit.framework */ = {isa = PBXFileReference; lastKnownFileType = wrapper.framework; name = UIKit.framework; path = System/Library/Frameworks/UIKit.framework; sourceTree = SDKROOT; };
		C75962921796EA4F008C48D3 /* Foundation.framework */ = {isa = PBXFileReference; lastKnownFileType = wrapper.framework; name = Foundation.framework; path = System/Library/Frameworks/Foundation.framework; sourceTree = SDKROOT; };
		C75962941796EA4F008C48D3 /* CoreGraphics.framework */ = {isa = PBXFileReference; lastKnownFileType = wrapper.framework; name = CoreGraphics.framework; path = System/Library/Frameworks/CoreGraphics.framework; sourceTree = SDKROOT; };
		C75962AE1796EA4F008C48D3 /* SenTestingKit.framework */ = {isa = PBXFileReference; lastKnownFileType = wrapper.framework; name = SenTestingKit.framework; path = Library/Frameworks/SenTestingKit.framework; sourceTree = DEVELOPER_DIR; };
		C798D01A17A02E9700326F1C /* RadarIPad-Info.plist */ = {isa = PBXFileReference; fileEncoding = 4; lastKnownFileType = text.plist.xml; path = "RadarIPad-Info.plist"; sourceTree = SOURCE_ROOT; };
		C798D01E17A034A900326F1C /* LoginView.h */ = {isa = PBXFileReference; fileEncoding = 4; lastKnownFileType = sourcecode.c.h; name = LoginView.h; path = Classes/view/login/LoginView.h; sourceTree = SOURCE_ROOT; };
		C798D01F17A034A900326F1C /* LoginView.m */ = {isa = PBXFileReference; fileEncoding = 4; lastKnownFileType = sourcecode.c.objc; name = LoginView.m; path = Classes/view/login/LoginView.m; sourceTree = SOURCE_ROOT; };
		C798D02117A034B400326F1C /* LoginViewController.h */ = {isa = PBXFileReference; fileEncoding = 4; lastKnownFileType = sourcecode.c.h; name = LoginViewController.h; path = Classes/controller/login/LoginViewController.h; sourceTree = SOURCE_ROOT; };
		C798D02217A034B400326F1C /* LoginViewController.m */ = {isa = PBXFileReference; fileEncoding = 4; lastKnownFileType = sourcecode.c.objc; name = LoginViewController.m; path = Classes/controller/login/LoginViewController.m; sourceTree = SOURCE_ROOT; };
		C798D02417A034DD00326F1C /* ApplicationController.h */ = {isa = PBXFileReference; fileEncoding = 4; lastKnownFileType = sourcecode.c.h; name = ApplicationController.h; path = Classes/controller/application/ApplicationController.h; sourceTree = SOURCE_ROOT; };
		C798D02517A034DD00326F1C /* ApplicationController.m */ = {isa = PBXFileReference; fileEncoding = 4; lastKnownFileType = sourcecode.c.objc; name = ApplicationController.m; path = Classes/controller/application/ApplicationController.m; sourceTree = SOURCE_ROOT; };
		C798D02717A034ED00326F1C /* main.m */ = {isa = PBXFileReference; fileEncoding = 4; lastKnownFileType = sourcecode.c.objc; path = main.m; sourceTree = SOURCE_ROOT; };
		C798D02917A0350800326F1C /* UserVo.h */ = {isa = PBXFileReference; fileEncoding = 4; lastKnownFileType = sourcecode.c.h; name = UserVo.h; path = Classes/model/vo/user/UserVo.h; sourceTree = SOURCE_ROOT; };
		C798D02A17A0350800326F1C /* UserVo.m */ = {isa = PBXFileReference; fileEncoding = 4; lastKnownFileType = sourcecode.c.objc; name = UserVo.m; path = Classes/model/vo/user/UserVo.m; sourceTree = SOURCE_ROOT; };
		C798D02C17A0352900326F1C /* AppDelegate.h */ = {isa = PBXFileReference; fileEncoding = 4; lastKnownFileType = sourcecode.c.h; name = AppDelegate.h; path = Classes/util/AppDelegate.h; sourceTree = SOURCE_ROOT; };
		C798D02D17A0352900326F1C /* AppDelegate.m */ = {isa = PBXFileReference; fileEncoding = 4; lastKnownFileType = sourcecode.c.objc; name = AppDelegate.m; path = Classes/util/AppDelegate.m; sourceTree = SOURCE_ROOT; };
		C798D02F17A0353300326F1C /* MainViewController.h */ = {isa = PBXFileReference; fileEncoding = 4; lastKnownFileType = sourcecode.c.h; name = MainViewController.h; path = Classes/controller/application/MainViewController.h; sourceTree = SOURCE_ROOT; };
		C798D03017A0353300326F1C /* MainViewController.m */ = {isa = PBXFileReference; fileEncoding = 4; lastKnownFileType = sourcecode.c.objc; name = MainViewController.m; path = Classes/controller/application/MainViewController.m; sourceTree = SOURCE_ROOT; };
		C798D03217A0354100326F1C /* MainView.h */ = {isa = PBXFileReference; fileEncoding = 4; lastKnownFileType = sourcecode.c.h; name = MainView.h; path = Classes/view/mainview/MainView.h; sourceTree = SOURCE_ROOT; };
		C798D03317A0354100326F1C /* MainView.m */ = {isa = PBXFileReference; fileEncoding = 4; lastKnownFileType = sourcecode.c.objc; name = MainView.m; path = Classes/view/mainview/MainView.m; sourceTree = SOURCE_ROOT; };
		C798D03517A0355000326F1C /* btn_buttom_highlighted.png */ = {isa = PBXFileReference; lastKnownFileType = image.png; name = btn_buttom_highlighted.png; path = Image/btn_buttom_highlighted.png; sourceTree = SOURCE_ROOT; };
		C798D03617A0355000326F1C /* btn_buttom_normal.png */ = {isa = PBXFileReference; lastKnownFileType = image.png; name = btn_buttom_normal.png; path = Image/btn_buttom_normal.png; sourceTree = SOURCE_ROOT; };
		C798D03717A0355000326F1C /* btn_middle_highlighted.png */ = {isa = PBXFileReference; lastKnownFileType = image.png; name = btn_middle_highlighted.png; path = Image/btn_middle_highlighted.png; sourceTree = SOURCE_ROOT; };
		C798D03817A0355000326F1C /* btn_middle_normal.png */ = {isa = PBXFileReference; lastKnownFileType = image.png; name = btn_middle_normal.png; path = Image/btn_middle_normal.png; sourceTree = SOURCE_ROOT; };
		C798D03917A0355000326F1C /* btn_top_highlighted.png */ = {isa = PBXFileReference; lastKnownFileType = image.png; name = btn_top_highlighted.png; path = Image/btn_top_highlighted.png; sourceTree = SOURCE_ROOT; };
		C798D03A17A0355000326F1C /* btn_top_normal.png */ = {isa = PBXFileReference; lastKnownFileType = image.png; name = btn_top_normal.png; path = Image/btn_top_normal.png; sourceTree = SOURCE_ROOT; };
		C798D03B17A0355000326F1C /* cellselectbtn_highlighted.png */ = {isa = PBXFileReference; lastKnownFileType = image.png; name = cellselectbtn_highlighted.png; path = Image/cellselectbtn_highlighted.png; sourceTree = SOURCE_ROOT; };
		C798D03C17A0355000326F1C /* cellselectbtn_normal.png */ = {isa = PBXFileReference; lastKnownFileType = image.png; name = cellselectbtn_normal.png; path = Image/cellselectbtn_normal.png; sourceTree = SOURCE_ROOT; };
		C798D03D17A0355000326F1C /* friendlist_cellbtn_highlighted.png */ = {isa = PBXFileReference; lastKnownFileType = image.png; name = friendlist_cellbtn_highlighted.png; path = Image/friendlist_cellbtn_highlighted.png; sourceTree = SOURCE_ROOT; };
		C798D03E17A0355000326F1C /* friendlist_cellbtn_normal.png */ = {isa = PBXFileReference; lastKnownFileType = image.png; name = friendlist_cellbtn_normal.png; path = Image/friendlist_cellbtn_normal.png; sourceTree = SOURCE_ROOT; };
		C798D03F17A0355000326F1C /* login_highlight.png */ = {isa = PBXFileReference; lastKnownFileType = image.png; name = login_highlight.png; path = Image/login_highlight.png; sourceTree = SOURCE_ROOT; };
		C798D04017A0355000326F1C /* login_highlight@2x.png */ = {isa = PBXFileReference; lastKnownFileType = image.png; name = "login_highlight@2x.png"; path = "Image/login_highlight@2x.png"; sourceTree = SOURCE_ROOT; };
		C798D04117A0355000326F1C /* login_normal.png */ = {isa = PBXFileReference; lastKnownFileType = image.png; name = login_normal.png; path = Image/login_normal.png; sourceTree = SOURCE_ROOT; };
		C798D04217A0355000326F1C /* login_normal@2x.png */ = {isa = PBXFileReference; lastKnownFileType = image.png; name = "login_normal@2x.png"; path = "Image/login_normal@2x.png"; sourceTree = SOURCE_ROOT; };
		C798D04317A0355000326F1C /* login_tourist_highlight.png */ = {isa = PBXFileReference; lastKnownFileType = image.png; name = login_tourist_highlight.png; path = Image/login_tourist_highlight.png; sourceTree = SOURCE_ROOT; };
		C798D04417A0355000326F1C /* login_tourist_normal.png */ = {isa = PBXFileReference; lastKnownFileType = image.png; name = login_tourist_normal.png; path = Image/login_tourist_normal.png; sourceTree = SOURCE_ROOT; };
		C798D04517A0355000326F1C /* rowBtn_highlighted.png */ = {isa = PBXFileReference; lastKnownFileType = image.png; name = rowBtn_highlighted.png; path = Image/rowBtn_highlighted.png; sourceTree = SOURCE_ROOT; };
		C798D04617A0355000326F1C /* rowBtn.png */ = {isa = PBXFileReference; lastKnownFileType = image.png; name = rowBtn.png; path = Image/rowBtn.png; sourceTree = SOURCE_ROOT; };
		C798D04717A0355000326F1C /* textfield_buttom.png */ = {isa = PBXFileReference; lastKnownFileType = image.png; name = textfield_buttom.png; path = Image/textfield_buttom.png; sourceTree = SOURCE_ROOT; };
		C798D04817A0355000326F1C /* textfield_middle.png */ = {isa = PBXFileReference; lastKnownFileType = image.png; name = textfield_middle.png; path = Image/textfield_middle.png; sourceTree = SOURCE_ROOT; };
		C798D04917A0355000326F1C /* textfield_top.png */ = {isa = PBXFileReference; lastKnownFileType = image.png; name = textfield_top.png; path = Image/textfield_top.png; sourceTree = SOURCE_ROOT; };
		C798D04A17A0355000326F1C /* textinput.png */ = {isa = PBXFileReference; lastKnownFileType = image.png; name = textinput.png; path = Image/textinput.png; sourceTree = SOURCE_ROOT; };
		C798D04B17A0355000326F1C /* touxiang@2x.png */ = {isa = PBXFileReference; lastKnownFileType = image.png; name = "touxiang@2x.png"; path = "Image/touxiang@2x.png"; sourceTree = SOURCE_ROOT; };
		C798D04C17A0355000326F1C /* touxiang2@2x.png */ = {isa = PBXFileReference; lastKnownFileType = image.png; name = "touxiang2@2x.png"; path = "Image/touxiang2@2x.png"; sourceTree = SOURCE_ROOT; };
		C798D04D17A0355000326F1C /* welcome.psd */ = {isa = PBXFileReference; lastKnownFileType = file; name = welcome.psd; path = Image/welcome.psd; sourceTree = SOURCE_ROOT; };
		C798D06717A0355E00326F1C /*  Default-Landscape@2x~ipad.png */ = {isa = PBXFileReference; lastKnownFileType = image.png; name = " Default-Landscape@2x~ipad.png"; path = "Image/ Default-Landscape@2x~ipad.png"; sourceTree = SOURCE_ROOT; };
		C798D06817A0355E00326F1C /*  Default-Landscape~ipad.png */ = {isa = PBXFileReference; lastKnownFileType = image.png; name = " Default-Landscape~ipad.png"; path = "Image/ Default-Landscape~ipad.png"; sourceTree = SOURCE_ROOT; };
		C798D06B17A0357100326F1C /* RadarIPad-Prefix.pch */ = {isa = PBXFileReference; fileEncoding = 4; lastKnownFileType = sourcecode.c.h; path = "RadarIPad-Prefix.pch"; sourceTree = SOURCE_ROOT; };
/* End PBXFileReference section */

/* Begin PBXFrameworksBuildPhase section */
		C759628A1796EA4F008C48D3 /* Frameworks */ = {
			isa = PBXFrameworksBuildPhase;
			buildActionMask = 2147483647;
			files = (
				C75962911796EA4F008C48D3 /* UIKit.framework in Frameworks */,
				C75962931796EA4F008C48D3 /* Foundation.framework in Frameworks */,
				C75962951796EA4F008C48D3 /* CoreGraphics.framework in Frameworks */,
			);
			runOnlyForDeploymentPostprocessing = 0;
		};
/* End PBXFrameworksBuildPhase section */

/* Begin PBXGroup section */
		C7274634179C2FD400FD5106 /* application */ = {
			isa = PBXGroup;
			children = (
				C798D02F17A0353300326F1C /* MainViewController.h */,
				C798D03017A0353300326F1C /* MainViewController.m */,
				C798D02417A034DD00326F1C /* ApplicationController.h */,
				C798D02517A034DD00326F1C /* ApplicationController.m */,
			);
			name = application;
			sourceTree = "<group>";
		};
		C7274647179C369A00FD5106 /* vo */ = {
			isa = PBXGroup;
			children = (
				C7274648179C369A00FD5106 /* user */,
			);
			name = vo;
			path = Classes/model/vo;
			sourceTree = "<group>";
		};
		C7274648179C369A00FD5106 /* user */ = {
			isa = PBXGroup;
			children = (
				C798D02917A0350800326F1C /* UserVo.h */,
				C798D02A17A0350800326F1C /* UserVo.m */,
			);
			path = user;
			sourceTree = "<group>";
		};
		C727467F179C41E500FD5106 /* mainview */ = {
			isa = PBXGroup;
			children = (
				C798D03217A0354100326F1C /* MainView.h */,
				C798D03317A0354100326F1C /* MainView.m */,
			);
			name = mainview;
			sourceTree = "<group>";
		};
		C75962841796EA4F008C48D3 = {
			isa = PBXGroup;
			children = (
				C75962961796EA4F008C48D3 /* RadarIPad */,
				C759628F1796EA4F008C48D3 /* Frameworks */,
				C759628E1796EA4F008C48D3 /* Products */,
			);
			sourceTree = "<group>";
		};
		C759628E1796EA4F008C48D3 /* Products */ = {
			isa = PBXGroup;
			children = (
				C759628D1796EA4F008C48D3 /* RadarIPad.app */,
			);
			name = Products;
			sourceTree = "<group>";
		};
		C759628F1796EA4F008C48D3 /* Frameworks */ = {
			isa = PBXGroup;
			children = (
				C75962901796EA4F008C48D3 /* UIKit.framework */,
				C75962921796EA4F008C48D3 /* Foundation.framework */,
				C75962941796EA4F008C48D3 /* CoreGraphics.framework */,
				C75962AE1796EA4F008C48D3 /* SenTestingKit.framework */,
			);
			name = Frameworks;
			sourceTree = "<group>";
		};
		C75962961796EA4F008C48D3 /* RadarIPad */ = {
			isa = PBXGroup;
			children = (
				C75962CF1796F126008C48D3 /* Classes */,
				C75962C71796EDFF008C48D3 /* Image */,
				C75962971796EA4F008C48D3 /* Supporting Files */,
			);
			path = RadarIPad;
			sourceTree = "<group>";
		};
		C75962971796EA4F008C48D3 /* Supporting Files */ = {
			isa = PBXGroup;
			children = (
				C798D01A17A02E9700326F1C /* RadarIPad-Info.plist */,
				C798D02717A034ED00326F1C /* main.m */,
				C798D06B17A0357100326F1C /* RadarIPad-Prefix.pch */,
				C798D06717A0355E00326F1C /*  Default-Landscape@2x~ipad.png */,
				C798D06817A0355E00326F1C /*  Default-Landscape~ipad.png */,
			);
			name = "Supporting Files";
			sourceTree = "<group>";
		};
		C75962C71796EDFF008C48D3 /* Image */ = {
			isa = PBXGroup;
			children = (
				C798D03517A0355000326F1C /* btn_buttom_highlighted.png */,
				C798D03617A0355000326F1C /* btn_buttom_normal.png */,
				C798D03717A0355000326F1C /* btn_middle_highlighted.png */,
				C798D03817A0355000326F1C /* btn_middle_normal.png */,
				C798D03917A0355000326F1C /* btn_top_highlighted.png */,
				C798D03A17A0355000326F1C /* btn_top_normal.png */,
				C798D03B17A0355000326F1C /* cellselectbtn_highlighted.png */,
				C798D03C17A0355000326F1C /* cellselectbtn_normal.png */,
				C798D03D17A0355000326F1C /* friendlist_cellbtn_highlighted.png */,
				C798D03E17A0355000326F1C /* friendlist_cellbtn_normal.png */,
				C798D03F17A0355000326F1C /* login_highlight.png */,
				C798D04017A0355000326F1C /* login_highlight@2x.png */,
				C798D04117A0355000326F1C /* login_normal.png */,
				C798D04217A0355000326F1C /* login_normal@2x.png */,
				C798D04317A0355000326F1C /* login_tourist_highlight.png */,
				C798D04417A0355000326F1C /* login_tourist_normal.png */,
				C798D04517A0355000326F1C /* rowBtn_highlighted.png */,
				C798D04617A0355000326F1C /* rowBtn.png */,
				C798D04717A0355000326F1C /* textfield_buttom.png */,
				C798D04817A0355000326F1C /* textfield_middle.png */,
				C798D04917A0355000326F1C /* textfield_top.png */,
				C798D04A17A0355000326F1C /* textinput.png */,
				C798D04B17A0355000326F1C /* touxiang@2x.png */,
				C798D04C17A0355000326F1C /* touxiang2@2x.png */,
				C798D04D17A0355000326F1C /* welcome.psd */,
			);
			name = Image;
			sourceTree = "<group>";
		};
		C75962CF1796F126008C48D3 /* Classes */ = {
			isa = PBXGroup;
			children = (
				C75962D31796F161008C48D3 /* util */,
				C75962D21796F154008C48D3 /* controller */,
				C75962D11796F14E008C48D3 /* view */,
				C75962D01796F146008C48D3 /* model */,
			);
			name = Classes;
			sourceTree = "<group>";
		};
		C75962D01796F146008C48D3 /* model */ = {
			isa = PBXGroup;
			children = (
				C7274647179C369A00FD5106 /* vo */,
			);
			name = model;
			sourceTree = "<group>";
		};
		C75962D11796F14E008C48D3 /* view */ = {
			isa = PBXGroup;
			children = (
				C727467F179C41E500FD5106 /* mainview */,
				C75962E01796F6D4008C48D3 /* login */,
			);
			name = view;
			sourceTree = "<group>";
		};
		C75962D21796F154008C48D3 /* controller */ = {
			isa = PBXGroup;
			children = (
				C7274634179C2FD400FD5106 /* application */,
				C75962DC1796F568008C48D3 /* login */,
			);
			name = controller;
			sourceTree = "<group>";
		};
		C75962D31796F161008C48D3 /* util */ = {
			isa = PBXGroup;
			children = (
				C798D02C17A0352900326F1C /* AppDelegate.h */,
				C798D02D17A0352900326F1C /* AppDelegate.m */,
			);
			name = util;
			sourceTree = "<group>";
		};
		C75962DC1796F568008C48D3 /* login */ = {
			isa = PBXGroup;
			children = (
				C798D02117A034B400326F1C /* LoginViewController.h */,
				C798D02217A034B400326F1C /* LoginViewController.m */,
			);
			name = login;
			sourceTree = "<group>";
		};
		C75962E01796F6D4008C48D3 /* login */ = {
			isa = PBXGroup;
			children = (
				C798D01E17A034A900326F1C /* LoginView.h */,
				C798D01F17A034A900326F1C /* LoginView.m */,
			);
			name = login;
			sourceTree = "<group>";
		};
/* End PBXGroup section */

/* Begin PBXNativeTarget section */
		C759628C1796EA4F008C48D3 /* RadarIPad */ = {
			isa = PBXNativeTarget;
			buildConfigurationList = C75962BF1796EA4F008C48D3 /* Build configuration list for PBXNativeTarget "RadarIPad" */;
			buildPhases = (
				C75962891796EA4F008C48D3 /* Sources */,
				C759628A1796EA4F008C48D3 /* Frameworks */,
				C759628B1796EA4F008C48D3 /* Resources */,
			);
			buildRules = (
			);
			dependencies = (
			);
			name = RadarIPad;
			productName = RadarIPad;
			productReference = C759628D1796EA4F008C48D3 /* RadarIPad.app */;
			productType = "com.apple.product-type.application";
		};
/* End PBXNativeTarget section */

/* Begin PBXProject section */
		C75962851796EA4F008C48D3 /* Project object */ = {
			isa = PBXProject;
			attributes = {
				LastUpgradeCheck = 0460;
				ORGANIZATIONNAME = "Yachen Dai";
			};
			buildConfigurationList = C75962881796EA4F008C48D3 /* Build configuration list for PBXProject "RadarIPad" */;
			compatibilityVersion = "Xcode 3.2";
			developmentRegion = English;
			hasScannedForEncodings = 0;
			knownRegions = (
				en,
				"zh-Hans-CN",
			);
			mainGroup = C75962841796EA4F008C48D3;
			productRefGroup = C759628E1796EA4F008C48D3 /* Products */;
			projectDirPath = "";
			projectRoot = "";
			targets = (
				C759628C1796EA4F008C48D3 /* RadarIPad */,
			);
		};
/* End PBXProject section */

/* Begin PBXResourcesBuildPhase section */
		C759628B1796EA4F008C48D3 /* Resources */ = {
			isa = PBXResourcesBuildPhase;
			buildActionMask = 2147483647;
			files = (
				C798D04E17A0355000326F1C /* btn_buttom_highlighted.png in Resources */,
				C798D04F17A0355000326F1C /* btn_buttom_normal.png in Resources */,
				C798D05017A0355000326F1C /* btn_middle_highlighted.png in Resources */,
				C798D05117A0355000326F1C /* btn_middle_normal.png in Resources */,
				C798D05217A0355000326F1C /* btn_top_highlighted.png in Resources */,
				C798D05317A0355000326F1C /* btn_top_normal.png in Resources */,
				C798D05417A0355000326F1C /* cellselectbtn_highlighted.png in Resources */,
				C798D05517A0355000326F1C /* cellselectbtn_normal.png in Resources */,
				C798D05617A0355000326F1C /* friendlist_cellbtn_highlighted.png in Resources */,
				C798D05717A0355000326F1C /* friendlist_cellbtn_normal.png in Resources */,
				C798D05817A0355000326F1C /* login_highlight.png in Resources */,
				C798D05917A0355000326F1C /* login_highlight@2x.png in Resources */,
				C798D05A17A0355000326F1C /* login_normal.png in Resources */,
				C798D05B17A0355000326F1C /* login_normal@2x.png in Resources */,
				C798D05C17A0355000326F1C /* login_tourist_highlight.png in Resources */,
				C798D05D17A0355000326F1C /* login_tourist_normal.png in Resources */,
				C798D05E17A0355000326F1C /* rowBtn_highlighted.png in Resources */,
				C798D05F17A0355000326F1C /* rowBtn.png in Resources */,
				C798D06017A0355000326F1C /* textfield_buttom.png in Resources */,
				C798D06117A0355000326F1C /* textfield_middle.png in Resources */,
				C798D06217A0355000326F1C /* textfield_top.png in Resources */,
				C798D06317A0355000326F1C /* textinput.png in Resources */,
				C798D06417A0355000326F1C /* touxiang@2x.png in Resources */,
				C798D06517A0355000326F1C /* touxiang2@2x.png in Resources */,
				C798D06617A0355000326F1C /* welcome.psd in Resources */,
				C798D06917A0355E00326F1C /*  Default-Landscape@2x~ipad.png in Resources */,
				C798D06A17A0355E00326F1C /*  Default-Landscape~ipad.png in Resources */,
			);
			runOnlyForDeploymentPostprocessing = 0;
		};
/* End PBXResourcesBuildPhase section */

/* Begin PBXSourcesBuildPhase section */
		C75962891796EA4F008C48D3 /* Sources */ = {
			isa = PBXSourcesBuildPhase;
			buildActionMask = 2147483647;
			files = (
				C798D02017A034A900326F1C /* LoginView.m in Sources */,
				C798D02317A034B400326F1C /* LoginViewController.m in Sources */,
				C798D02617A034DD00326F1C /* ApplicationController.m in Sources */,
				C798D02817A034ED00326F1C /* main.m in Sources */,
				C798D02B17A0350800326F1C /* UserVo.m in Sources */,
				C798D02E17A0352900326F1C /* AppDelegate.m in Sources */,
				C798D03117A0353300326F1C /* MainViewController.m in Sources */,
				C798D03417A0354100326F1C /* MainView.m in Sources */,
			);
			runOnlyForDeploymentPostprocessing = 0;
		};
/* End PBXSourcesBuildPhase section */

/* Begin XCBuildConfiguration section */
		C75962BD1796EA4F008C48D3 /* Debug */ = {
			isa = XCBuildConfiguration;
			buildSettings = {
				ALWAYS_SEARCH_USER_PATHS = NO;
				CLANG_CXX_LANGUAGE_STANDARD = "gnu++0x";
				CLANG_CXX_LIBRARY = "libc++";
				CLANG_ENABLE_OBJC_ARC = YES;
				CLANG_WARN_CONSTANT_CONVERSION = YES;
				CLANG_WARN_EMPTY_BODY = YES;
				CLANG_WARN_ENUM_CONVERSION = YES;
				CLANG_WARN_INT_CONVERSION = YES;
				CLANG_WARN__DUPLICATE_METHOD_MATCH = YES;
				"CODE_SIGN_IDENTITY[sdk=iphoneos*]" = "iPhone Developer";
				COPY_PHASE_STRIP = NO;
				GCC_C_LANGUAGE_STANDARD = gnu99;
				GCC_DYNAMIC_NO_PIC = NO;
				GCC_OPTIMIZATION_LEVEL = 0;
				GCC_PREPROCESSOR_DEFINITIONS = (
					"DEBUG=1",
					"$(inherited)",
				);
				GCC_SYMBOLS_PRIVATE_EXTERN = NO;
				GCC_WARN_ABOUT_RETURN_TYPE = YES;
				GCC_WARN_UNINITIALIZED_AUTOS = YES;
				GCC_WARN_UNUSED_VARIABLE = YES;
				IPHONEOS_DEPLOYMENT_TARGET = 5.0;
				ONLY_ACTIVE_ARCH = YES;
				SDKROOT = iphoneos;
				TARGETED_DEVICE_FAMILY = 2;
			};
			name = Debug;
		};
		C75962BE1796EA4F008C48D3 /* Release */ = {
			isa = XCBuildConfiguration;
			buildSettings = {
				ALWAYS_SEARCH_USER_PATHS = NO;
				CLANG_CXX_LANGUAGE_STANDARD = "gnu++0x";
				CLANG_CXX_LIBRARY = "libc++";
				CLANG_ENABLE_OBJC_ARC = YES;
				CLANG_WARN_CONSTANT_CONVERSION = YES;
				CLANG_WARN_EMPTY_BODY = YES;
				CLANG_WARN_ENUM_CONVERSION = YES;
				CLANG_WARN_INT_CONVERSION = YES;
				CLANG_WARN__DUPLICATE_METHOD_MATCH = YES;
				"CODE_SIGN_IDENTITY[sdk=iphoneos*]" = "iPhone Developer";
				COPY_PHASE_STRIP = YES;
				GCC_C_LANGUAGE_STANDARD = gnu99;
				GCC_WARN_ABOUT_RETURN_TYPE = YES;
				GCC_WARN_UNINITIALIZED_AUTOS = YES;
				GCC_WARN_UNUSED_VARIABLE = YES;
				IPHONEOS_DEPLOYMENT_TARGET = 5.0;
				OTHER_CFLAGS = "-DNS_BLOCK_ASSERTIONS=1";
				SDKROOT = iphoneos;
				TARGETED_DEVICE_FAMILY = 2;
				VALIDATE_PRODUCT = YES;
			};
			name = Release;
		};
		C75962C01796EA4F008C48D3 /* Debug */ = {
			isa = XCBuildConfiguration;
			buildSettings = {
				GCC_PRECOMPILE_PREFIX_HEADER = YES;
				GCC_PREFIX_HEADER = "RadarIPad-Prefix.pch";
				INFOPLIST_FILE = "RadarIPad-Info.plist";
				IPHONEOS_DEPLOYMENT_TARGET = 5.0;
				LIBRARY_SEARCH_PATHS = "";
				PRODUCT_NAME = "$(TARGET_NAME)";
				TARGETED_DEVICE_FAMILY = 2;
				WRAPPER_EXTENSION = app;
			};
			name = Debug;
		};
		C75962C11796EA4F008C48D3 /* Release */ = {
			isa = XCBuildConfiguration;
			buildSettings = {
				GCC_PRECOMPILE_PREFIX_HEADER = YES;
				GCC_PREFIX_HEADER = "RadarIPad-Prefix.pch";
				INFOPLIST_FILE = "RadarIPad-Info.plist";
				IPHONEOS_DEPLOYMENT_TARGET = 5.0;
				LIBRARY_SEARCH_PATHS = "";
				PRODUCT_NAME = "$(TARGET_NAME)";
				TARGETED_DEVICE_FAMILY = 2;
				WRAPPER_EXTENSION = app;
			};
			name = Release;
		};
/* End XCBuildConfiguration section */

/* Begin XCConfigurationList section */
		C75962881796EA4F008C48D3 /* Build configuration list for PBXProject "RadarIPad" */ = {
			isa = XCConfigurationList;
			buildConfigurations = (
				C75962BD1796EA4F008C48D3 /* Debug */,
				C75962BE1796EA4F008C48D3 /* Release */,
			);
			defaultConfigurationIsVisible = 0;
			defaultConfigurationName = Release;
		};
		C75962BF1796EA4F008C48D3 /* Build configuration list for PBXNativeTarget "RadarIPad" */ = {
			isa = XCConfigurationList;
			buildConfigurations = (
				C75962C01796EA4F008C48D3 /* Debug */,
				C75962C11796EA4F008C48D3 /* Release */,
			);
			defaultConfigurationIsVisible = 0;
			defaultConfigurationName = Release;
		};
/* End XCConfigurationList section */
	};
	rootObject = C75962851796EA4F008C48D3 /* Project object */;
}
